// !$*UTF8*$!
{
	archiveVersion = 1;
	classes = {
	};
	objectVersion = 46;
	objects = {

/* Begin PBXBuildFile section */
		52EA50C6D36140DBABE1AFEB /* libPods-ZSTToolkitTests.a in Frameworks */ = {isa = PBXBuildFile; fileRef = 0775BC94BF194213AD1D0B19 /* libPods-ZSTToolkitTests.a */; };
		BA5581FF192F66D5003E643C /* NSMutableDictionary+ZSTKeyValueExtensions.m in Sources */ = {isa = PBXBuildFile; fileRef = BA5581FE192F66D5003E643C /* NSMutableDictionary+ZSTKeyValueExtensions.m */; };
		BA558201192F6773003E643C /* ZSTMutableDictionaryKeyValueExtensionsSpec.m in Sources */ = {isa = PBXBuildFile; fileRef = BA558200192F6773003E643C /* ZSTMutableDictionaryKeyValueExtensionsSpec.m */; };
		BA558204192FA58E003E643C /* UIView+ZSTFrameAdditions.m in Sources */ = {isa = PBXBuildFile; fileRef = BA558203192FA58E003E643C /* UIView+ZSTFrameAdditions.m */; };
		BA8463BE192E9E8900622332 /* Warnings.xcconfig in Resources */ = {isa = PBXBuildFile; fileRef = BA8463BD192E9E8900622332 /* Warnings.xcconfig */; };
		BAA9F8FC192FC0AA0007DB78 /* NSException+ZSTAbstractClassAdditions.m in Sources */ = {isa = PBXBuildFile; fileRef = BAA9F8FB192FC0AA0007DB78 /* NSException+ZSTAbstractClassAdditions.m */; };
		BAA9F8FE192FC61C0007DB78 /* ZSTExceptionAbstractClassAdditionsSpec.m in Sources */ = {isa = PBXBuildFile; fileRef = BAA9F8FD192FC61C0007DB78 /* ZSTExceptionAbstractClassAdditionsSpec.m */; };
		BAA9F901192FCFF20007DB78 /* ZSTRGBSpec.m in Sources */ = {isa = PBXBuildFile; fileRef = BAA9F900192FCFF20007DB78 /* ZSTRGBSpec.m */; };
		BAA9F904192FD9150007DB78 /* ZSTWildcardGestureRecognizer.m in Sources */ = {isa = PBXBuildFile; fileRef = BAA9F903192FD9150007DB78 /* ZSTWildcardGestureRecognizer.m */; };
		BAA9F906192FE1750007DB78 /* ZSTWildcardGestureRecognizerSpec.m in Sources */ = {isa = PBXBuildFile; fileRef = BAA9F905192FE1750007DB78 /* ZSTWildcardGestureRecognizerSpec.m */; };
		BAA9F90C192FFDF50007DB78 /* ZSTWildCardGestureTestViewController.m in Sources */ = {isa = PBXBuildFile; fileRef = BAA9F90A192FFDF50007DB78 /* ZSTWildCardGestureTestViewController.m */; };
		BAA9F90D192FFDF50007DB78 /* ZSTWildCardGestureTestViewController.xib in Resources */ = {isa = PBXBuildFile; fileRef = BAA9F90B192FFDF50007DB78 /* ZSTWildCardGestureTestViewController.xib */; };
		BAA9F913193013870007DB78 /* NSMutableAttributedString+ZSTAdditions.m in Sources */ = {isa = PBXBuildFile; fileRef = BAA9F912193013870007DB78 /* NSMutableAttributedString+ZSTAdditions.m */; };
		BAA9F9151930A33E0007DB78 /* ZSTMutableAttributedStringAdditionsSpec.m in Sources */ = {isa = PBXBuildFile; fileRef = BAA9F9141930A33E0007DB78 /* ZSTMutableAttributedStringAdditionsSpec.m */; };
		BAA9F9181930A7170007DB78 /* NSAttributedString+ZSTCreationAdditions.m in Sources */ = {isa = PBXBuildFile; fileRef = BAA9F9171930A7170007DB78 /* NSAttributedString+ZSTCreationAdditions.m */; };
		BAA9F91A1930AB0F0007DB78 /* ZSTAttributedStringCreationAdditionsSpec.m in Sources */ = {isa = PBXBuildFile; fileRef = BAA9F9191930AB0F0007DB78 /* ZSTAttributedStringCreationAdditionsSpec.m */; };
		BAA9F91D1930ECE10007DB78 /* NSString+ZSTValidations.m in Sources */ = {isa = PBXBuildFile; fileRef = BAA9F91C1930ECE10007DB78 /* NSString+ZSTValidations.m */; };
		BAA9F91F1930ED770007DB78 /* ZSTStringValidationsSpec.m in Sources */ = {isa = PBXBuildFile; fileRef = BAA9F91E1930ED770007DB78 /* ZSTStringValidationsSpec.m */; };
		BAA9F9221931013F0007DB78 /* UINavigationController+ZSTAdditions.m in Sources */ = {isa = PBXBuildFile; fileRef = BAA9F9211931013F0007DB78 /* UINavigationController+ZSTAdditions.m */; };
		BAA9F9241931026E0007DB78 /* ZSTNavigationControllerAdditionsSpec.m in Sources */ = {isa = PBXBuildFile; fileRef = BAA9F9231931026E0007DB78 /* ZSTNavigationControllerAdditionsSpec.m */; };
		BAA9F92719310E570007DB78 /* ZSTAbsoluteTimer.m in Sources */ = {isa = PBXBuildFile; fileRef = BAA9F92619310E570007DB78 /* ZSTAbsoluteTimer.m */; };
		BAA9F92919310E690007DB78 /* ZSTAbsoluteTimerSpec.m in Sources */ = {isa = PBXBuildFile; fileRef = BAA9F92819310E690007DB78 /* ZSTAbsoluteTimerSpec.m */; };
		BAA9F92C193539A00007DB78 /* UIImage+ZSTCreationAdditions.m in Sources */ = {isa = PBXBuildFile; fileRef = BAA9F92B193539A00007DB78 /* UIImage+ZSTCreationAdditions.m */; };
		BAA9F92E19353A290007DB78 /* ZSTImageCreationAdditionsSpec.m in Sources */ = {isa = PBXBuildFile; fileRef = BAA9F92D19353A290007DB78 /* ZSTImageCreationAdditionsSpec.m */; };
		BAAA92CC193B85E7002F09EC /* UIView+ZSTNibAdditions.m in Sources */ = {isa = PBXBuildFile; fileRef = BAAA92CB193B85E7002F09EC /* UIView+ZSTNibAdditions.m */; };
		BAAA92CE193B8602002F09EC /* ZSTViewNibAdditionsSpec.m in Sources */ = {isa = PBXBuildFile; fileRef = BAAA92CD193B8602002F09EC /* ZSTViewNibAdditionsSpec.m */; };
		BAAA92D2193D2736002F09EC /* ZSTNibTestView.m in Sources */ = {isa = PBXBuildFile; fileRef = BAAA92D1193D2736002F09EC /* ZSTNibTestView.m */; };
		BAAA92D4193D2749002F09EC /* ZSTNibTestView.xib in Resources */ = {isa = PBXBuildFile; fileRef = BAAA92D3193D2749002F09EC /* ZSTNibTestView.xib */; };
		BAAA92D5193D29A6002F09EC /* ZSTNibTestView.xib in Resources */ = {isa = PBXBuildFile; fileRef = BAAA92D3193D2749002F09EC /* ZSTNibTestView.xib */; };
		BAAA92D8193D2A92002F09EC /* ZSTNibTestOtherView.m in Sources */ = {isa = PBXBuildFile; fileRef = BAAA92D7193D2A92002F09EC /* ZSTNibTestOtherView.m */; };
		BAAAFF0B192FA7DC008145CA /* ZSTViewFrameAdditionsSpec.m in Sources */ = {isa = PBXBuildFile; fileRef = BAAAFF0A192FA7DC008145CA /* ZSTViewFrameAdditionsSpec.m */; };
		BAD1DB2A192D35B100DF8FCE /* Foundation.framework in Frameworks */ = {isa = PBXBuildFile; fileRef = BAD1DB29192D35B100DF8FCE /* Foundation.framework */; };
		BAD1DB2C192D35B100DF8FCE /* CoreGraphics.framework in Frameworks */ = {isa = PBXBuildFile; fileRef = BAD1DB2B192D35B100DF8FCE /* CoreGraphics.framework */; };
		BAD1DB2E192D35B100DF8FCE /* UIKit.framework in Frameworks */ = {isa = PBXBuildFile; fileRef = BAD1DB2D192D35B100DF8FCE /* UIKit.framework */; };
		BAD1DB34192D35B100DF8FCE /* InfoPlist.strings in Resources */ = {isa = PBXBuildFile; fileRef = BAD1DB32192D35B100DF8FCE /* InfoPlist.strings */; };
		BAD1DB36192D35B100DF8FCE /* main.m in Sources */ = {isa = PBXBuildFile; fileRef = BAD1DB35192D35B100DF8FCE /* main.m */; };
		BAD1DB3A192D35B100DF8FCE /* ZSTAppDelegate.m in Sources */ = {isa = PBXBuildFile; fileRef = BAD1DB39192D35B100DF8FCE /* ZSTAppDelegate.m */; };
		BAD1DB3C192D35B100DF8FCE /* Images.xcassets in Resources */ = {isa = PBXBuildFile; fileRef = BAD1DB3B192D35B100DF8FCE /* Images.xcassets */; };
		BAD1DB43192D35B200DF8FCE /* XCTest.framework in Frameworks */ = {isa = PBXBuildFile; fileRef = BAD1DB42192D35B200DF8FCE /* XCTest.framework */; };
		BAD1DB44192D35B200DF8FCE /* Foundation.framework in Frameworks */ = {isa = PBXBuildFile; fileRef = BAD1DB29192D35B100DF8FCE /* Foundation.framework */; };
		BAD1DB45192D35B200DF8FCE /* UIKit.framework in Frameworks */ = {isa = PBXBuildFile; fileRef = BAD1DB2D192D35B100DF8FCE /* UIKit.framework */; };
		BAD1DB4D192D35B200DF8FCE /* InfoPlist.strings in Resources */ = {isa = PBXBuildFile; fileRef = BAD1DB4B192D35B200DF8FCE /* InfoPlist.strings */; };
		BAD1DB5C192D53A400DF8FCE /* NSDictionary+ZSTKeyValueExtensions.m in Sources */ = {isa = PBXBuildFile; fileRef = BAD1DB5B192D53A400DF8FCE /* NSDictionary+ZSTKeyValueExtensions.m */; };
		BAD1DB5E192DDA0800DF8FCE /* ZSTDictionaryKeyValueExtensionsSpec.m in Sources */ = {isa = PBXBuildFile; fileRef = BAD1DB5D192DDA0800DF8FCE /* ZSTDictionaryKeyValueExtensionsSpec.m */; };
/* End PBXBuildFile section */

/* Begin PBXContainerItemProxy section */
		BAD1DB46192D35B200DF8FCE /* PBXContainerItemProxy */ = {
			isa = PBXContainerItemProxy;
			containerPortal = BAD1DB1E192D35B100DF8FCE /* Project object */;
			proxyType = 1;
			remoteGlobalIDString = BAD1DB25192D35B100DF8FCE;
			remoteInfo = ZSTToolkit;
		};
/* End PBXContainerItemProxy section */

/* Begin PBXFileReference section */
		0775BC94BF194213AD1D0B19 /* libPods-ZSTToolkitTests.a */ = {isa = PBXFileReference; explicitFileType = archive.ar; includeInIndex = 0; path = "libPods-ZSTToolkitTests.a"; sourceTree = BUILT_PRODUCTS_DIR; };
		BA5581FC192F605C003E643C /* ZSTJSONObjectInitializationProtocol.h */ = {isa = PBXFileReference; lastKnownFileType = sourcecode.c.h; path = ZSTJSONObjectInitializationProtocol.h; sourceTree = "<group>"; };
		BA5581FD192F66D5003E643C /* NSMutableDictionary+ZSTKeyValueExtensions.h */ = {isa = PBXFileReference; fileEncoding = 4; lastKnownFileType = sourcecode.c.h; path = "NSMutableDictionary+ZSTKeyValueExtensions.h"; sourceTree = "<group>"; };
		BA5581FE192F66D5003E643C /* NSMutableDictionary+ZSTKeyValueExtensions.m */ = {isa = PBXFileReference; fileEncoding = 4; lastKnownFileType = sourcecode.c.objc; path = "NSMutableDictionary+ZSTKeyValueExtensions.m"; sourceTree = "<group>"; };
		BA558200192F6773003E643C /* ZSTMutableDictionaryKeyValueExtensionsSpec.m */ = {isa = PBXFileReference; fileEncoding = 4; lastKnownFileType = sourcecode.c.objc; path = ZSTMutableDictionaryKeyValueExtensionsSpec.m; sourceTree = "<group>"; };
		BA558202192FA58E003E643C /* UIView+ZSTFrameAdditions.h */ = {isa = PBXFileReference; fileEncoding = 4; lastKnownFileType = sourcecode.c.h; path = "UIView+ZSTFrameAdditions.h"; sourceTree = "<group>"; };
		BA558203192FA58E003E643C /* UIView+ZSTFrameAdditions.m */ = {isa = PBXFileReference; fileEncoding = 4; lastKnownFileType = sourcecode.c.objc; path = "UIView+ZSTFrameAdditions.m"; sourceTree = "<group>"; };
		BA63C3281943B99C0095BBBE /* ZSTToolkit.h */ = {isa = PBXFileReference; lastKnownFileType = sourcecode.c.h; path = ZSTToolkit.h; sourceTree = "<group>"; };
		BA8463BD192E9E8900622332 /* Warnings.xcconfig */ = {isa = PBXFileReference; fileEncoding = 4; lastKnownFileType = text.xcconfig; path = Warnings.xcconfig; sourceTree = "<group>"; };
		BAA887B81943B7DE00618BAF /* ZSTCategories.h */ = {isa = PBXFileReference; lastKnownFileType = sourcecode.c.h; path = ZSTCategories.h; sourceTree = "<group>"; };
		BAA9F8FA192FC0AA0007DB78 /* NSException+ZSTAbstractClassAdditions.h */ = {isa = PBXFileReference; fileEncoding = 4; lastKnownFileType = sourcecode.c.h; path = "NSException+ZSTAbstractClassAdditions.h"; sourceTree = "<group>"; };
		BAA9F8FB192FC0AA0007DB78 /* NSException+ZSTAbstractClassAdditions.m */ = {isa = PBXFileReference; fileEncoding = 4; lastKnownFileType = sourcecode.c.objc; path = "NSException+ZSTAbstractClassAdditions.m"; sourceTree = "<group>"; };
		BAA9F8FD192FC61C0007DB78 /* ZSTExceptionAbstractClassAdditionsSpec.m */ = {isa = PBXFileReference; fileEncoding = 4; lastKnownFileType = sourcecode.c.objc; path = ZSTExceptionAbstractClassAdditionsSpec.m; sourceTree = "<group>"; };
		BAA9F8FF192FCFA40007DB78 /* ZSTRGB.h */ = {isa = PBXFileReference; lastKnownFileType = sourcecode.c.h; path = ZSTRGB.h; sourceTree = "<group>"; };
		BAA9F900192FCFF20007DB78 /* ZSTRGBSpec.m */ = {isa = PBXFileReference; fileEncoding = 4; lastKnownFileType = sourcecode.c.objc; path = ZSTRGBSpec.m; sourceTree = "<group>"; };
		BAA9F902192FD9150007DB78 /* ZSTWildcardGestureRecognizer.h */ = {isa = PBXFileReference; fileEncoding = 4; lastKnownFileType = sourcecode.c.h; path = ZSTWildcardGestureRecognizer.h; sourceTree = "<group>"; };
		BAA9F903192FD9150007DB78 /* ZSTWildcardGestureRecognizer.m */ = {isa = PBXFileReference; fileEncoding = 4; lastKnownFileType = sourcecode.c.objc; path = ZSTWildcardGestureRecognizer.m; sourceTree = "<group>"; };
		BAA9F905192FE1750007DB78 /* ZSTWildcardGestureRecognizerSpec.m */ = {isa = PBXFileReference; fileEncoding = 4; lastKnownFileType = sourcecode.c.objc; path = ZSTWildcardGestureRecognizerSpec.m; sourceTree = "<group>"; };
		BAA9F909192FFDF50007DB78 /* ZSTWildCardGestureTestViewController.h */ = {isa = PBXFileReference; fileEncoding = 4; lastKnownFileType = sourcecode.c.h; path = ZSTWildCardGestureTestViewController.h; sourceTree = "<group>"; };
		BAA9F90A192FFDF50007DB78 /* ZSTWildCardGestureTestViewController.m */ = {isa = PBXFileReference; fileEncoding = 4; lastKnownFileType = sourcecode.c.objc; path = ZSTWildCardGestureTestViewController.m; sourceTree = "<group>"; };
		BAA9F90B192FFDF50007DB78 /* ZSTWildCardGestureTestViewController.xib */ = {isa = PBXFileReference; fileEncoding = 4; lastKnownFileType = file.xib; path = ZSTWildCardGestureTestViewController.xib; sourceTree = "<group>"; };
		BAA9F911193013870007DB78 /* NSMutableAttributedString+ZSTAdditions.h */ = {isa = PBXFileReference; fileEncoding = 4; lastKnownFileType = sourcecode.c.h; path = "NSMutableAttributedString+ZSTAdditions.h"; sourceTree = "<group>"; };
		BAA9F912193013870007DB78 /* NSMutableAttributedString+ZSTAdditions.m */ = {isa = PBXFileReference; fileEncoding = 4; lastKnownFileType = sourcecode.c.objc; path = "NSMutableAttributedString+ZSTAdditions.m"; sourceTree = "<group>"; };
		BAA9F9141930A33E0007DB78 /* ZSTMutableAttributedStringAdditionsSpec.m */ = {isa = PBXFileReference; fileEncoding = 4; lastKnownFileType = sourcecode.c.objc; path = ZSTMutableAttributedStringAdditionsSpec.m; sourceTree = "<group>"; };
		BAA9F9161930A7170007DB78 /* NSAttributedString+ZSTCreationAdditions.h */ = {isa = PBXFileReference; fileEncoding = 4; lastKnownFileType = sourcecode.c.h; path = "NSAttributedString+ZSTCreationAdditions.h"; sourceTree = "<group>"; };
		BAA9F9171930A7170007DB78 /* NSAttributedString+ZSTCreationAdditions.m */ = {isa = PBXFileReference; fileEncoding = 4; lastKnownFileType = sourcecode.c.objc; path = "NSAttributedString+ZSTCreationAdditions.m"; sourceTree = "<group>"; };
		BAA9F9191930AB0F0007DB78 /* ZSTAttributedStringCreationAdditionsSpec.m */ = {isa = PBXFileReference; fileEncoding = 4; lastKnownFileType = sourcecode.c.objc; path = ZSTAttributedStringCreationAdditionsSpec.m; sourceTree = "<group>"; };
		BAA9F91B1930ECE10007DB78 /* NSString+ZSTValidations.h */ = {isa = PBXFileReference; fileEncoding = 4; lastKnownFileType = sourcecode.c.h; path = "NSString+ZSTValidations.h"; sourceTree = "<group>"; };
		BAA9F91C1930ECE10007DB78 /* NSString+ZSTValidations.m */ = {isa = PBXFileReference; fileEncoding = 4; lastKnownFileType = sourcecode.c.objc; path = "NSString+ZSTValidations.m"; sourceTree = "<group>"; };
		BAA9F91E1930ED770007DB78 /* ZSTStringValidationsSpec.m */ = {isa = PBXFileReference; fileEncoding = 4; lastKnownFileType = sourcecode.c.objc; path = ZSTStringValidationsSpec.m; sourceTree = "<group>"; };
		BAA9F9201931013F0007DB78 /* UINavigationController+ZSTAdditions.h */ = {isa = PBXFileReference; fileEncoding = 4; lastKnownFileType = sourcecode.c.h; path = "UINavigationController+ZSTAdditions.h"; sourceTree = "<group>"; };
		BAA9F9211931013F0007DB78 /* UINavigationController+ZSTAdditions.m */ = {isa = PBXFileReference; fileEncoding = 4; lastKnownFileType = sourcecode.c.objc; path = "UINavigationController+ZSTAdditions.m"; sourceTree = "<group>"; };
		BAA9F9231931026E0007DB78 /* ZSTNavigationControllerAdditionsSpec.m */ = {isa = PBXFileReference; fileEncoding = 4; lastKnownFileType = sourcecode.c.objc; path = ZSTNavigationControllerAdditionsSpec.m; sourceTree = "<group>"; };
		BAA9F92519310E570007DB78 /* ZSTAbsoluteTimer.h */ = {isa = PBXFileReference; fileEncoding = 4; lastKnownFileType = sourcecode.c.h; path = ZSTAbsoluteTimer.h; sourceTree = "<group>"; };
		BAA9F92619310E570007DB78 /* ZSTAbsoluteTimer.m */ = {isa = PBXFileReference; fileEncoding = 4; lastKnownFileType = sourcecode.c.objc; path = ZSTAbsoluteTimer.m; sourceTree = "<group>"; };
		BAA9F92819310E690007DB78 /* ZSTAbsoluteTimerSpec.m */ = {isa = PBXFileReference; fileEncoding = 4; lastKnownFileType = sourcecode.c.objc; path = ZSTAbsoluteTimerSpec.m; sourceTree = "<group>"; };
		BAA9F92A193539A00007DB78 /* UIImage+ZSTCreationAdditions.h */ = {isa = PBXFileReference; fileEncoding = 4; lastKnownFileType = sourcecode.c.h; path = "UIImage+ZSTCreationAdditions.h"; sourceTree = "<group>"; };
		BAA9F92B193539A00007DB78 /* UIImage+ZSTCreationAdditions.m */ = {isa = PBXFileReference; fileEncoding = 4; lastKnownFileType = sourcecode.c.objc; path = "UIImage+ZSTCreationAdditions.m"; sourceTree = "<group>"; };
		BAA9F92D19353A290007DB78 /* ZSTImageCreationAdditionsSpec.m */ = {isa = PBXFileReference; fileEncoding = 4; lastKnownFileType = sourcecode.c.objc; path = ZSTImageCreationAdditionsSpec.m; sourceTree = "<group>"; };
		BAAA92CA193B85E7002F09EC /* UIView+ZSTNibAdditions.h */ = {isa = PBXFileReference; fileEncoding = 4; lastKnownFileType = sourcecode.c.h; path = "UIView+ZSTNibAdditions.h"; sourceTree = "<group>"; };
		BAAA92CB193B85E7002F09EC /* UIView+ZSTNibAdditions.m */ = {isa = PBXFileReference; fileEncoding = 4; lastKnownFileType = sourcecode.c.objc; path = "UIView+ZSTNibAdditions.m"; sourceTree = "<group>"; };
		BAAA92CD193B8602002F09EC /* ZSTViewNibAdditionsSpec.m */ = {isa = PBXFileReference; fileEncoding = 4; lastKnownFileType = sourcecode.c.objc; path = ZSTViewNibAdditionsSpec.m; sourceTree = "<group>"; };
		BAAA92D0193D2736002F09EC /* ZSTNibTestView.h */ = {isa = PBXFileReference; fileEncoding = 4; lastKnownFileType = sourcecode.c.h; path = ZSTNibTestView.h; sourceTree = "<group>"; };
		BAAA92D1193D2736002F09EC /* ZSTNibTestView.m */ = {isa = PBXFileReference; fileEncoding = 4; lastKnownFileType = sourcecode.c.objc; path = ZSTNibTestView.m; sourceTree = "<group>"; };
		BAAA92D3193D2749002F09EC /* ZSTNibTestView.xib */ = {isa = PBXFileReference; fileEncoding = 4; lastKnownFileType = file.xib; path = ZSTNibTestView.xib; sourceTree = "<group>"; };
		BAAA92D6193D2A92002F09EC /* ZSTNibTestOtherView.h */ = {isa = PBXFileReference; fileEncoding = 4; lastKnownFileType = sourcecode.c.h; path = ZSTNibTestOtherView.h; sourceTree = "<group>"; };
		BAAA92D7193D2A92002F09EC /* ZSTNibTestOtherView.m */ = {isa = PBXFileReference; fileEncoding = 4; lastKnownFileType = sourcecode.c.objc; path = ZSTNibTestOtherView.m; sourceTree = "<group>"; };
		BAAAFF0A192FA7DC008145CA /* ZSTViewFrameAdditionsSpec.m */ = {isa = PBXFileReference; fileEncoding = 4; lastKnownFileType = sourcecode.c.objc; path = ZSTViewFrameAdditionsSpec.m; sourceTree = "<group>"; };
		BAD1DB26192D35B100DF8FCE /* ZSTToolkit.app */ = {isa = PBXFileReference; explicitFileType = wrapper.application; includeInIndex = 0; path = ZSTToolkit.app; sourceTree = BUILT_PRODUCTS_DIR; };
		BAD1DB29192D35B100DF8FCE /* Foundation.framework */ = {isa = PBXFileReference; lastKnownFileType = wrapper.framework; name = Foundation.framework; path = System/Library/Frameworks/Foundation.framework; sourceTree = SDKROOT; };
		BAD1DB2B192D35B100DF8FCE /* CoreGraphics.framework */ = {isa = PBXFileReference; lastKnownFileType = wrapper.framework; name = CoreGraphics.framework; path = System/Library/Frameworks/CoreGraphics.framework; sourceTree = SDKROOT; };
		BAD1DB2D192D35B100DF8FCE /* UIKit.framework */ = {isa = PBXFileReference; lastKnownFileType = wrapper.framework; name = UIKit.framework; path = System/Library/Frameworks/UIKit.framework; sourceTree = SDKROOT; };
		BAD1DB31192D35B100DF8FCE /* ZSTToolkit-Info.plist */ = {isa = PBXFileReference; lastKnownFileType = text.plist.xml; path = "ZSTToolkit-Info.plist"; sourceTree = "<group>"; };
		BAD1DB33192D35B100DF8FCE /* en */ = {isa = PBXFileReference; lastKnownFileType = text.plist.strings; name = en; path = en.lproj/InfoPlist.strings; sourceTree = "<group>"; };
		BAD1DB35192D35B100DF8FCE /* main.m */ = {isa = PBXFileReference; lastKnownFileType = sourcecode.c.objc; path = main.m; sourceTree = "<group>"; };
		BAD1DB37192D35B100DF8FCE /* ZSTToolkit-Prefix.pch */ = {isa = PBXFileReference; lastKnownFileType = sourcecode.c.h; path = "ZSTToolkit-Prefix.pch"; sourceTree = "<group>"; };
		BAD1DB38192D35B100DF8FCE /* ZSTAppDelegate.h */ = {isa = PBXFileReference; lastKnownFileType = sourcecode.c.h; name = ZSTAppDelegate.h; path = ../ZSTAppDelegate.h; sourceTree = "<group>"; };
		BAD1DB39192D35B100DF8FCE /* ZSTAppDelegate.m */ = {isa = PBXFileReference; lastKnownFileType = sourcecode.c.objc; name = ZSTAppDelegate.m; path = ../ZSTAppDelegate.m; sourceTree = "<group>"; };
		BAD1DB3B192D35B100DF8FCE /* Images.xcassets */ = {isa = PBXFileReference; lastKnownFileType = folder.assetcatalog; path = Images.xcassets; sourceTree = "<group>"; };
		BAD1DB41192D35B200DF8FCE /* ZSTToolkitTests.xctest */ = {isa = PBXFileReference; explicitFileType = wrapper.cfbundle; includeInIndex = 0; path = ZSTToolkitTests.xctest; sourceTree = BUILT_PRODUCTS_DIR; };
		BAD1DB42192D35B200DF8FCE /* XCTest.framework */ = {isa = PBXFileReference; lastKnownFileType = wrapper.framework; name = XCTest.framework; path = Library/Frameworks/XCTest.framework; sourceTree = DEVELOPER_DIR; };
		BAD1DB4A192D35B200DF8FCE /* ZSTToolkitTests-Info.plist */ = {isa = PBXFileReference; lastKnownFileType = text.plist.xml; path = "ZSTToolkitTests-Info.plist"; sourceTree = "<group>"; };
		BAD1DB4C192D35B200DF8FCE /* en */ = {isa = PBXFileReference; lastKnownFileType = text.plist.strings; name = en; path = en.lproj/InfoPlist.strings; sourceTree = "<group>"; };
		BAD1DB5A192D53A400DF8FCE /* NSDictionary+ZSTKeyValueExtensions.h */ = {isa = PBXFileReference; fileEncoding = 4; lastKnownFileType = sourcecode.c.h; path = "NSDictionary+ZSTKeyValueExtensions.h"; sourceTree = "<group>"; };
		BAD1DB5B192D53A400DF8FCE /* NSDictionary+ZSTKeyValueExtensions.m */ = {isa = PBXFileReference; fileEncoding = 4; lastKnownFileType = sourcecode.c.objc; path = "NSDictionary+ZSTKeyValueExtensions.m"; sourceTree = "<group>"; };
		BAD1DB5D192DDA0800DF8FCE /* ZSTDictionaryKeyValueExtensionsSpec.m */ = {isa = PBXFileReference; fileEncoding = 4; lastKnownFileType = sourcecode.c.objc; path = ZSTDictionaryKeyValueExtensionsSpec.m; sourceTree = "<group>"; };
		C6E8D366A5F04C969C2BCF16 /* Pods-ZSTToolkitTests.xcconfig */ = {isa = PBXFileReference; includeInIndex = 1; lastKnownFileType = text.xcconfig; name = "Pods-ZSTToolkitTests.xcconfig"; path = "Pods/Pods-ZSTToolkitTests.xcconfig"; sourceTree = "<group>"; };
/* End PBXFileReference section */

/* Begin PBXFrameworksBuildPhase section */
		BAD1DB23192D35B100DF8FCE /* Frameworks */ = {
			isa = PBXFrameworksBuildPhase;
			buildActionMask = 2147483647;
			files = (
				BAD1DB2C192D35B100DF8FCE /* CoreGraphics.framework in Frameworks */,
				BAD1DB2E192D35B100DF8FCE /* UIKit.framework in Frameworks */,
				BAD1DB2A192D35B100DF8FCE /* Foundation.framework in Frameworks */,
			);
			runOnlyForDeploymentPostprocessing = 0;
		};
		BAD1DB3E192D35B200DF8FCE /* Frameworks */ = {
			isa = PBXFrameworksBuildPhase;
			buildActionMask = 2147483647;
			files = (
				BAD1DB43192D35B200DF8FCE /* XCTest.framework in Frameworks */,
				BAD1DB45192D35B200DF8FCE /* UIKit.framework in Frameworks */,
				BAD1DB44192D35B200DF8FCE /* Foundation.framework in Frameworks */,
				52EA50C6D36140DBABE1AFEB /* libPods-ZSTToolkitTests.a in Frameworks */,
			);
			runOnlyForDeploymentPostprocessing = 0;
		};
/* End PBXFrameworksBuildPhase section */

/* Begin PBXGroup section */
		BAA9F907192FFD830007DB78 /* Classes */ = {
			isa = PBXGroup;
			children = (
				BAA9F908192FFDA70007DB78 /* ViewControllers */,
				BAD1DB38192D35B100DF8FCE /* ZSTAppDelegate.h */,
				BAD1DB39192D35B100DF8FCE /* ZSTAppDelegate.m */,
			);
			path = Classes;
			sourceTree = "<group>";
		};
		BAA9F908192FFDA70007DB78 /* ViewControllers */ = {
			isa = PBXGroup;
			children = (
				BAA9F909192FFDF50007DB78 /* ZSTWildCardGestureTestViewController.h */,
				BAA9F90A192FFDF50007DB78 /* ZSTWildCardGestureTestViewController.m */,
				BAA9F90B192FFDF50007DB78 /* ZSTWildCardGestureTestViewController.xib */,
			);
			path = ViewControllers;
			sourceTree = "<group>";
		};
		BAAA92CF193D26D9002F09EC /* Helpers */ = {
			isa = PBXGroup;
			children = (
				BAAA92D6193D2A92002F09EC /* ZSTNibTestOtherView.h */,
				BAAA92D7193D2A92002F09EC /* ZSTNibTestOtherView.m */,
				BAAA92D0193D2736002F09EC /* ZSTNibTestView.h */,
				BAAA92D1193D2736002F09EC /* ZSTNibTestView.m */,
				BAAA92D3193D2749002F09EC /* ZSTNibTestView.xib */,
			);
			path = Helpers;
			sourceTree = "<group>";
		};
		BAD1DB1D192D35B100DF8FCE = {
			isa = PBXGroup;
			children = (
				BAD1DB58192D3EDA00DF8FCE /* ZSTToolkit */,
				BAD1DB2F192D35B100DF8FCE /* ZSTToolkitExample */,
				BAD1DB48192D35B200DF8FCE /* ZSTToolkitTests */,
				BAD1DB28192D35B100DF8FCE /* Frameworks */,
				BAD1DB27192D35B100DF8FCE /* Products */,
				C6E8D366A5F04C969C2BCF16 /* Pods-ZSTToolkitTests.xcconfig */,
			);
			sourceTree = "<group>";
		};
		BAD1DB27192D35B100DF8FCE /* Products */ = {
			isa = PBXGroup;
			children = (
				BAD1DB26192D35B100DF8FCE /* ZSTToolkit.app */,
				BAD1DB41192D35B200DF8FCE /* ZSTToolkitTests.xctest */,
			);
			name = Products;
			sourceTree = "<group>";
		};
		BAD1DB28192D35B100DF8FCE /* Frameworks */ = {
			isa = PBXGroup;
			children = (
				BAD1DB29192D35B100DF8FCE /* Foundation.framework */,
				BAD1DB2B192D35B100DF8FCE /* CoreGraphics.framework */,
				BAD1DB2D192D35B100DF8FCE /* UIKit.framework */,
				BAD1DB42192D35B200DF8FCE /* XCTest.framework */,
				0775BC94BF194213AD1D0B19 /* libPods-ZSTToolkitTests.a */,
			);
			name = Frameworks;
			sourceTree = "<group>";
		};
		BAD1DB2F192D35B100DF8FCE /* ZSTToolkitExample */ = {
			isa = PBXGroup;
			children = (
				BAA9F907192FFD830007DB78 /* Classes */,
				BAD1DB3B192D35B100DF8FCE /* Images.xcassets */,
				BAD1DB30192D35B100DF8FCE /* Supporting Files */,
			);
			path = ZSTToolkitExample;
			sourceTree = "<group>";
		};
		BAD1DB30192D35B100DF8FCE /* Supporting Files */ = {
			isa = PBXGroup;
			children = (
				BA8463BD192E9E8900622332 /* Warnings.xcconfig */,
				BAD1DB31192D35B100DF8FCE /* ZSTToolkit-Info.plist */,
				BAD1DB32192D35B100DF8FCE /* InfoPlist.strings */,
				BAD1DB35192D35B100DF8FCE /* main.m */,
				BAD1DB37192D35B100DF8FCE /* ZSTToolkit-Prefix.pch */,
			);
			name = "Supporting Files";
			sourceTree = "<group>";
		};
		BAD1DB48192D35B200DF8FCE /* ZSTToolkitTests */ = {
			isa = PBXGroup;
			children = (
				BAAA92CF193D26D9002F09EC /* Helpers */,
				BAD1DB49192D35B200DF8FCE /* Supporting Files */,
				BAD1DB5D192DDA0800DF8FCE /* ZSTDictionaryKeyValueExtensionsSpec.m */,
				BA558200192F6773003E643C /* ZSTMutableDictionaryKeyValueExtensionsSpec.m */,
				BAAAFF0A192FA7DC008145CA /* ZSTViewFrameAdditionsSpec.m */,
				BAA9F8FD192FC61C0007DB78 /* ZSTExceptionAbstractClassAdditionsSpec.m */,
				BAA9F900192FCFF20007DB78 /* ZSTRGBSpec.m */,
				BAA9F905192FE1750007DB78 /* ZSTWildcardGestureRecognizerSpec.m */,
				BAA9F9141930A33E0007DB78 /* ZSTMutableAttributedStringAdditionsSpec.m */,
				BAA9F9191930AB0F0007DB78 /* ZSTAttributedStringCreationAdditionsSpec.m */,
				BAA9F91E1930ED770007DB78 /* ZSTStringValidationsSpec.m */,
				BAA9F9231931026E0007DB78 /* ZSTNavigationControllerAdditionsSpec.m */,
				BAA9F92819310E690007DB78 /* ZSTAbsoluteTimerSpec.m */,
				BAA9F92D19353A290007DB78 /* ZSTImageCreationAdditionsSpec.m */,
				BAAA92CD193B8602002F09EC /* ZSTViewNibAdditionsSpec.m */,
			);
			path = ZSTToolkitTests;
			sourceTree = "<group>";
		};
		BAD1DB49192D35B200DF8FCE /* Supporting Files */ = {
			isa = PBXGroup;
			children = (
				BAD1DB4A192D35B200DF8FCE /* ZSTToolkitTests-Info.plist */,
				BAD1DB4B192D35B200DF8FCE /* InfoPlist.strings */,
			);
			name = "Supporting Files";
			sourceTree = "<group>";
		};
		BAD1DB58192D3EDA00DF8FCE /* ZSTToolkit */ = {
			isa = PBXGroup;
			children = (
				BAD1DB59192D535A00DF8FCE /* Categories */,
				BAA9F92519310E570007DB78 /* ZSTAbsoluteTimer.h */,
				BAA9F92619310E570007DB78 /* ZSTAbsoluteTimer.m */,
				BA5581FC192F605C003E643C /* ZSTJSONObjectInitializationProtocol.h */,
				BAA9F8FF192FCFA40007DB78 /* ZSTRGB.h */,
				BA63C3281943B99C0095BBBE /* ZSTToolkit.h */,
				BAA9F902192FD9150007DB78 /* ZSTWildcardGestureRecognizer.h */,
				BAA9F903192FD9150007DB78 /* ZSTWildcardGestureRecognizer.m */,
			);
			path = ZSTToolkit;
			sourceTree = "<group>";
		};
		BAD1DB59192D535A00DF8FCE /* Categories */ = {
			isa = PBXGroup;
			children = (
				BAA9F9161930A7170007DB78 /* NSAttributedString+ZSTCreationAdditions.h */,
				BAA9F9171930A7170007DB78 /* NSAttributedString+ZSTCreationAdditions.m */,
				BAD1DB5A192D53A400DF8FCE /* NSDictionary+ZSTKeyValueExtensions.h */,
				BAD1DB5B192D53A400DF8FCE /* NSDictionary+ZSTKeyValueExtensions.m */,
				BAA9F8FA192FC0AA0007DB78 /* NSException+ZSTAbstractClassAdditions.h */,
				BAA9F8FB192FC0AA0007DB78 /* NSException+ZSTAbstractClassAdditions.m */,
				BAA9F911193013870007DB78 /* NSMutableAttributedString+ZSTAdditions.h */,
				BAA9F912193013870007DB78 /* NSMutableAttributedString+ZSTAdditions.m */,
				BA5581FD192F66D5003E643C /* NSMutableDictionary+ZSTKeyValueExtensions.h */,
				BA5581FE192F66D5003E643C /* NSMutableDictionary+ZSTKeyValueExtensions.m */,
				BAA9F91B1930ECE10007DB78 /* NSString+ZSTValidations.h */,
				BAA9F91C1930ECE10007DB78 /* NSString+ZSTValidations.m */,
				BAA9F92A193539A00007DB78 /* UIImage+ZSTCreationAdditions.h */,
				BAA9F92B193539A00007DB78 /* UIImage+ZSTCreationAdditions.m */,
				BAA9F9201931013F0007DB78 /* UINavigationController+ZSTAdditions.h */,
				BAA9F9211931013F0007DB78 /* UINavigationController+ZSTAdditions.m */,
				BA558202192FA58E003E643C /* UIView+ZSTFrameAdditions.h */,
				BA558203192FA58E003E643C /* UIView+ZSTFrameAdditions.m */,
				BAAA92CA193B85E7002F09EC /* UIView+ZSTNibAdditions.h */,
				BAAA92CB193B85E7002F09EC /* UIView+ZSTNibAdditions.m */,
				BAA887B81943B7DE00618BAF /* ZSTCategories.h */,
			);
			path = Categories;
			sourceTree = "<group>";
		};
/* End PBXGroup section */

/* Begin PBXNativeTarget section */
		BAD1DB25192D35B100DF8FCE /* ZSTToolkit */ = {
			isa = PBXNativeTarget;
			buildConfigurationList = BAD1DB52192D35B200DF8FCE /* Build configuration list for PBXNativeTarget "ZSTToolkit" */;
			buildPhases = (
				BAD1DB22192D35B100DF8FCE /* Sources */,
				BAD1DB23192D35B100DF8FCE /* Frameworks */,
				BAD1DB24192D35B100DF8FCE /* Resources */,
				BA8463BA192E966C00622332 /* Export Coverage */,
			);
			buildRules = (
			);
			dependencies = (
			);
			name = ZSTToolkit;
			productName = ZSTToolkit;
			productReference = BAD1DB26192D35B100DF8FCE /* ZSTToolkit.app */;
			productType = "com.apple.product-type.application";
		};
		BAD1DB40192D35B200DF8FCE /* ZSTToolkitTests */ = {
			isa = PBXNativeTarget;
			buildConfigurationList = BAD1DB55192D35B200DF8FCE /* Build configuration list for PBXNativeTarget "ZSTToolkitTests" */;
			buildPhases = (
				F3F94B45A3F84011870ECBC2 /* Check Pods Manifest.lock */,
				BAD1DB3D192D35B200DF8FCE /* Sources */,
				BAD1DB3E192D35B200DF8FCE /* Frameworks */,
				BAD1DB3F192D35B200DF8FCE /* Resources */,
				D4DA85A9C9FC4993A9BA6573 /* Copy Pods Resources */,
			);
			buildRules = (
			);
			dependencies = (
				BAD1DB47192D35B200DF8FCE /* PBXTargetDependency */,
			);
			name = ZSTToolkitTests;
			productName = ZSTToolkitTests;
			productReference = BAD1DB41192D35B200DF8FCE /* ZSTToolkitTests.xctest */;
			productType = "com.apple.product-type.bundle.unit-test";
		};
/* End PBXNativeTarget section */

/* Begin PBXProject section */
		BAD1DB1E192D35B100DF8FCE /* Project object */ = {
			isa = PBXProject;
			attributes = {
				CLASSPREFIX = ZST;
				LastUpgradeCheck = 0510;
				ORGANIZATIONNAME = "Irmak Can Ozsut";
				TargetAttributes = {
					BAD1DB40192D35B200DF8FCE = {
						TestTargetID = BAD1DB25192D35B100DF8FCE;
					};
				};
			};
			buildConfigurationList = BAD1DB21192D35B100DF8FCE /* Build configuration list for PBXProject "ZSTToolkit" */;
			compatibilityVersion = "Xcode 3.2";
			developmentRegion = English;
			hasScannedForEncodings = 0;
			knownRegions = (
				en,
			);
			mainGroup = BAD1DB1D192D35B100DF8FCE;
			productRefGroup = BAD1DB27192D35B100DF8FCE /* Products */;
			projectDirPath = "";
			projectRoot = "";
			targets = (
				BAD1DB25192D35B100DF8FCE /* ZSTToolkit */,
				BAD1DB40192D35B200DF8FCE /* ZSTToolkitTests */,
			);
		};
/* End PBXProject section */

/* Begin PBXResourcesBuildPhase section */
		BAD1DB24192D35B100DF8FCE /* Resources */ = {
			isa = PBXResourcesBuildPhase;
			buildActionMask = 2147483647;
			files = (
				BAAA92D5193D29A6002F09EC /* ZSTNibTestView.xib in Resources */,
				BAA9F90D192FFDF50007DB78 /* ZSTWildCardGestureTestViewController.xib in Resources */,
				BAD1DB34192D35B100DF8FCE /* InfoPlist.strings in Resources */,
				BAD1DB3C192D35B100DF8FCE /* Images.xcassets in Resources */,
			);
			runOnlyForDeploymentPostprocessing = 0;
		};
		BAD1DB3F192D35B200DF8FCE /* Resources */ = {
			isa = PBXResourcesBuildPhase;
			buildActionMask = 2147483647;
			files = (
				BAAA92D4193D2749002F09EC /* ZSTNibTestView.xib in Resources */,
				BAD1DB4D192D35B200DF8FCE /* InfoPlist.strings in Resources */,
				BA8463BE192E9E8900622332 /* Warnings.xcconfig in Resources */,
			);
			runOnlyForDeploymentPostprocessing = 0;
		};
/* End PBXResourcesBuildPhase section */

/* Begin PBXShellScriptBuildPhase section */
		BA8463BA192E966C00622332 /* Export Coverage */ = {
			isa = PBXShellScriptBuildPhase;
			buildActionMask = 2147483647;
			files = (
			);
			inputPaths = (
			);
			name = "Export Coverage";
			outputPaths = (
			);
			runOnlyForDeploymentPostprocessing = 0;
			shellPath = /bin/sh;
			shellScript = XcodeCoverage/exportenv.sh;
		};
		D4DA85A9C9FC4993A9BA6573 /* Copy Pods Resources */ = {
			isa = PBXShellScriptBuildPhase;
			buildActionMask = 2147483647;
			files = (
			);
			inputPaths = (
			);
			name = "Copy Pods Resources";
			outputPaths = (
			);
			runOnlyForDeploymentPostprocessing = 0;
			shellPath = /bin/sh;
			shellScript = "\"${SRCROOT}/Pods/Pods-ZSTToolkitTests-resources.sh\"\n";
			showEnvVarsInLog = 0;
		};
		F3F94B45A3F84011870ECBC2 /* Check Pods Manifest.lock */ = {
			isa = PBXShellScriptBuildPhase;
			buildActionMask = 2147483647;
			files = (
			);
			inputPaths = (
			);
			name = "Check Pods Manifest.lock";
			outputPaths = (
			);
			runOnlyForDeploymentPostprocessing = 0;
			shellPath = /bin/sh;
			shellScript = "diff \"${PODS_ROOT}/../Podfile.lock\" \"${PODS_ROOT}/Manifest.lock\" > /dev/null\nif [[ $? != 0 ]] ; then\n    cat << EOM\nerror: The sandbox is not in sync with the Podfile.lock. Run 'pod install' or update your CocoaPods installation.\nEOM\n    exit 1\nfi\n";
			showEnvVarsInLog = 0;
		};
/* End PBXShellScriptBuildPhase section */

/* Begin PBXSourcesBuildPhase section */
		BAD1DB22192D35B100DF8FCE /* Sources */ = {
			isa = PBXSourcesBuildPhase;
			buildActionMask = 2147483647;
			files = (
				BAA9F92719310E570007DB78 /* ZSTAbsoluteTimer.m in Sources */,
				BA558204192FA58E003E643C /* UIView+ZSTFrameAdditions.m in Sources */,
				BAA9F92C193539A00007DB78 /* UIImage+ZSTCreationAdditions.m in Sources */,
				BAD1DB5C192D53A400DF8FCE /* NSDictionary+ZSTKeyValueExtensions.m in Sources */,
				BAA9F913193013870007DB78 /* NSMutableAttributedString+ZSTAdditions.m in Sources */,
				BAA9F90C192FFDF50007DB78 /* ZSTWildCardGestureTestViewController.m in Sources */,
				BA5581FF192F66D5003E643C /* NSMutableDictionary+ZSTKeyValueExtensions.m in Sources */,
				BAA9F8FC192FC0AA0007DB78 /* NSException+ZSTAbstractClassAdditions.m in Sources */,
				BAAA92CC193B85E7002F09EC /* UIView+ZSTNibAdditions.m in Sources */,
				BAD1DB3A192D35B100DF8FCE /* ZSTAppDelegate.m in Sources */,
				BAA9F904192FD9150007DB78 /* ZSTWildcardGestureRecognizer.m in Sources */,
				BAA9F9181930A7170007DB78 /* NSAttributedString+ZSTCreationAdditions.m in Sources */,
				BAA9F9221931013F0007DB78 /* UINavigationController+ZSTAdditions.m in Sources */,
				BAA9F91D1930ECE10007DB78 /* NSString+ZSTValidations.m in Sources */,
				BAD1DB36192D35B100DF8FCE /* main.m in Sources */,
			);
			runOnlyForDeploymentPostprocessing = 0;
		};
		BAD1DB3D192D35B200DF8FCE /* Sources */ = {
			isa = PBXSourcesBuildPhase;
			buildActionMask = 2147483647;
			files = (
				BAA9F906192FE1750007DB78 /* ZSTWildcardGestureRecognizerSpec.m in Sources */,
				BAA9F91F1930ED770007DB78 /* ZSTStringValidationsSpec.m in Sources */,
				BA558201192F6773003E643C /* ZSTMutableDictionaryKeyValueExtensionsSpec.m in Sources */,
				BAAAFF0B192FA7DC008145CA /* ZSTViewFrameAdditionsSpec.m in Sources */,
				BAAA92D8193D2A92002F09EC /* ZSTNibTestOtherView.m in Sources */,
				BAAA92CE193B8602002F09EC /* ZSTViewNibAdditionsSpec.m in Sources */,
				BAD1DB5E192DDA0800DF8FCE /* ZSTDictionaryKeyValueExtensionsSpec.m in Sources */,
				BAA9F92919310E690007DB78 /* ZSTAbsoluteTimerSpec.m in Sources */,
				BAA9F91A1930AB0F0007DB78 /* ZSTAttributedStringCreationAdditionsSpec.m in Sources */,
				BAA9F9241931026E0007DB78 /* ZSTNavigationControllerAdditionsSpec.m in Sources */,
				BAA9F8FE192FC61C0007DB78 /* ZSTExceptionAbstractClassAdditionsSpec.m in Sources */,
				BAAA92D2193D2736002F09EC /* ZSTNibTestView.m in Sources */,
				BAA9F92E19353A290007DB78 /* ZSTImageCreationAdditionsSpec.m in Sources */,
				BAA9F901192FCFF20007DB78 /* ZSTRGBSpec.m in Sources */,
				BAA9F9151930A33E0007DB78 /* ZSTMutableAttributedStringAdditionsSpec.m in Sources */,
			);
			runOnlyForDeploymentPostprocessing = 0;
		};
/* End PBXSourcesBuildPhase section */

/* Begin PBXTargetDependency section */
		BAD1DB47192D35B200DF8FCE /* PBXTargetDependency */ = {
			isa = PBXTargetDependency;
			target = BAD1DB25192D35B100DF8FCE /* ZSTToolkit */;
			targetProxy = BAD1DB46192D35B200DF8FCE /* PBXContainerItemProxy */;
		};
/* End PBXTargetDependency section */

/* Begin PBXVariantGroup section */
		BAD1DB32192D35B100DF8FCE /* InfoPlist.strings */ = {
			isa = PBXVariantGroup;
			children = (
				BAD1DB33192D35B100DF8FCE /* en */,
			);
			name = InfoPlist.strings;
			sourceTree = "<group>";
		};
		BAD1DB4B192D35B200DF8FCE /* InfoPlist.strings */ = {
			isa = PBXVariantGroup;
			children = (
				BAD1DB4C192D35B200DF8FCE /* en */,
			);
			name = InfoPlist.strings;
			sourceTree = "<group>";
		};
/* End PBXVariantGroup section */

/* Begin XCBuildConfiguration section */
		BAD1DB50192D35B200DF8FCE /* Debug */ = {
			isa = XCBuildConfiguration;
			buildSettings = {
				ALWAYS_SEARCH_USER_PATHS = NO;
				CLANG_CXX_LANGUAGE_STANDARD = "gnu++0x";
				CLANG_CXX_LIBRARY = "libc++";
				CLANG_ENABLE_MODULES = YES;
				CLANG_ENABLE_OBJC_ARC = YES;
				CLANG_WARN_BOOL_CONVERSION = YES;
				CLANG_WARN_CONSTANT_CONVERSION = YES;
				CLANG_WARN_DIRECT_OBJC_ISA_USAGE = YES_ERROR;
				CLANG_WARN_EMPTY_BODY = YES;
				CLANG_WARN_ENUM_CONVERSION = YES;
				CLANG_WARN_INT_CONVERSION = YES;
				CLANG_WARN_OBJC_ROOT_CLASS = YES_ERROR;
				CLANG_WARN__DUPLICATE_METHOD_MATCH = YES;
				"CODE_SIGN_IDENTITY[sdk=iphoneos*]" = "iPhone Developer";
				COPY_PHASE_STRIP = NO;
				GCC_C_LANGUAGE_STANDARD = gnu99;
				GCC_DYNAMIC_NO_PIC = NO;
				GCC_GENERATE_TEST_COVERAGE_FILES = YES;
				GCC_INSTRUMENT_PROGRAM_FLOW_ARCS = YES;
				GCC_OPTIMIZATION_LEVEL = 0;
				GCC_PREPROCESSOR_DEFINITIONS = (
					"DEBUG=1",
					"$(inherited)",
				);
				GCC_SYMBOLS_PRIVATE_EXTERN = NO;
				GCC_WARN_64_TO_32_BIT_CONVERSION = YES;
				GCC_WARN_ABOUT_RETURN_TYPE = YES_ERROR;
				GCC_WARN_UNDECLARED_SELECTOR = YES;
				GCC_WARN_UNINITIALIZED_AUTOS = YES_AGGRESSIVE;
				GCC_WARN_UNUSED_FUNCTION = YES;
				GCC_WARN_UNUSED_VARIABLE = YES;
				IPHONEOS_DEPLOYMENT_TARGET = 7.1;
				ONLY_ACTIVE_ARCH = YES;
				SDKROOT = iphoneos;
				TARGETED_DEVICE_FAMILY = "1,2";
			};
			name = Debug;
		};
		BAD1DB51192D35B200DF8FCE /* Release */ = {
			isa = XCBuildConfiguration;
			buildSettings = {
				ALWAYS_SEARCH_USER_PATHS = NO;
				CLANG_CXX_LANGUAGE_STANDARD = "gnu++0x";
				CLANG_CXX_LIBRARY = "libc++";
				CLANG_ENABLE_MODULES = YES;
				CLANG_ENABLE_OBJC_ARC = YES;
				CLANG_WARN_BOOL_CONVERSION = YES;
				CLANG_WARN_CONSTANT_CONVERSION = YES;
				CLANG_WARN_DIRECT_OBJC_ISA_USAGE = YES_ERROR;
				CLANG_WARN_EMPTY_BODY = YES;
				CLANG_WARN_ENUM_CONVERSION = YES;
				CLANG_WARN_INT_CONVERSION = YES;
				CLANG_WARN_OBJC_ROOT_CLASS = YES_ERROR;
				CLANG_WARN__DUPLICATE_METHOD_MATCH = YES;
				"CODE_SIGN_IDENTITY[sdk=iphoneos*]" = "iPhone Developer";
				COPY_PHASE_STRIP = YES;
				ENABLE_NS_ASSERTIONS = NO;
				GCC_C_LANGUAGE_STANDARD = gnu99;
				GCC_WARN_64_TO_32_BIT_CONVERSION = YES;
				GCC_WARN_ABOUT_RETURN_TYPE = YES_ERROR;
				GCC_WARN_UNDECLARED_SELECTOR = YES;
				GCC_WARN_UNINITIALIZED_AUTOS = YES_AGGRESSIVE;
				GCC_WARN_UNUSED_FUNCTION = YES;
				GCC_WARN_UNUSED_VARIABLE = YES;
				IPHONEOS_DEPLOYMENT_TARGET = 7.1;
				SDKROOT = iphoneos;
				TARGETED_DEVICE_FAMILY = "1,2";
				VALIDATE_PRODUCT = YES;
			};
			name = Release;
		};
		BAD1DB53192D35B200DF8FCE /* Debug */ = {
			isa = XCBuildConfiguration;
			baseConfigurationReference = BA8463BD192E9E8900622332 /* Warnings.xcconfig */;
			buildSettings = {
				ASSETCATALOG_COMPILER_APPICON_NAME = AppIcon;
				ASSETCATALOG_COMPILER_LAUNCHIMAGE_NAME = LaunchImage;
				GCC_PRECOMPILE_PREFIX_HEADER = YES;
				GCC_PREFIX_HEADER = "ZSTToolkitExample/ZSTToolkit-Prefix.pch";
				INFOPLIST_FILE = "$(SRCROOT)/ZSTToolkitExample/ZSTToolkit-Info.plist";
				PRODUCT_NAME = "$(TARGET_NAME)";
				WRAPPER_EXTENSION = app;
			};
			name = Debug;
		};
		BAD1DB54192D35B200DF8FCE /* Release */ = {
			isa = XCBuildConfiguration;
			buildSettings = {
				ASSETCATALOG_COMPILER_APPICON_NAME = AppIcon;
				ASSETCATALOG_COMPILER_LAUNCHIMAGE_NAME = LaunchImage;
				GCC_PRECOMPILE_PREFIX_HEADER = YES;
				GCC_PREFIX_HEADER = "ZSTToolkitExample/ZSTToolkit-Prefix.pch";
				INFOPLIST_FILE = "$(SRCROOT)/ZSTToolkitExample/ZSTToolkit-Info.plist";
				PRODUCT_NAME = "$(TARGET_NAME)";
				WRAPPER_EXTENSION = app;
			};
			name = Release;
		};
		BAD1DB56192D35B200DF8FCE /* Debug */ = {
			isa = XCBuildConfiguration;
			baseConfigurationReference = C6E8D366A5F04C969C2BCF16 /* Pods-ZSTToolkitTests.xcconfig */;
			buildSettings = {
				BUNDLE_LOADER = "$(BUILT_PRODUCTS_DIR)/ZSTToolkit.app/ZSTToolkit";
				FRAMEWORK_SEARCH_PATHS = (
					"$(SDKROOT)/Developer/Library/Frameworks",
					"$(inherited)",
					"$(DEVELOPER_FRAMEWORKS_DIR)",
				);
				GCC_PRECOMPILE_PREFIX_HEADER = YES;
				GCC_PREFIX_HEADER = "ZSTToolkitExample/ZSTToolkit-Prefix.pch";
				GCC_PREPROCESSOR_DEFINITIONS = (
					"DEBUG=1",
					"$(inherited)",
				);
				INFOPLIST_FILE = "ZSTToolkitTests/ZSTToolkitTests-Info.plist";
				PRODUCT_NAME = "$(TARGET_NAME)";
				TEST_HOST = "$(BUNDLE_LOADER)";
				WRAPPER_EXTENSION = xctest;
			};
			name = Debug;
		};
		BAD1DB57192D35B200DF8FCE /* Release */ = {
			isa = XCBuildConfiguration;
			baseConfigurationReference = C6E8D366A5F04C969C2BCF16 /* Pods-ZSTToolkitTests.xcconfig */;
			buildSettings = {
				BUNDLE_LOADER = "$(BUILT_PRODUCTS_DIR)/ZSTToolkit.app/ZSTToolkit";
				FRAMEWORK_SEARCH_PATHS = (
					"$(SDKROOT)/Developer/Library/Frameworks",
					"$(inherited)",
					"$(DEVELOPER_FRAMEWORKS_DIR)",
				);
				GCC_PRECOMPILE_PREFIX_HEADER = YES;
				GCC_PREFIX_HEADER = "ZSTToolkitExample/ZSTToolkit-Prefix.pch";
				INFOPLIST_FILE = "ZSTToolkitTests/ZSTToolkitTests-Info.plist";
				PRODUCT_NAME = "$(TARGET_NAME)";
				TEST_HOST = "$(BUNDLE_LOADER)";
				WRAPPER_EXTENSION = xctest;
			};
			name = Release;
		};
/* End XCBuildConfiguration section */

/* Begin XCConfigurationList section */
		BAD1DB21192D35B100DF8FCE /* Build configuration list for PBXProject "ZSTToolkit" */ = {
			isa = XCConfigurationList;
			buildConfigurations = (
				BAD1DB50192D35B200DF8FCE /* Debug */,
				BAD1DB51192D35B200DF8FCE /* Release */,
			);
			defaultConfigurationIsVisible = 0;
			defaultConfigurationName = Release;
		};
		BAD1DB52192D35B200DF8FCE /* Build configuration list for PBXNativeTarget "ZSTToolkit" */ = {
			isa = XCConfigurationList;
			buildConfigurations = (
				BAD1DB53192D35B200DF8FCE /* Debug */,
				BAD1DB54192D35B200DF8FCE /* Release */,
			);
			defaultConfigurationIsVisible = 0;
			defaultConfigurationName = Release;
		};
		BAD1DB55192D35B200DF8FCE /* Build configuration list for PBXNativeTarget "ZSTToolkitTests" */ = {
			isa = XCConfigurationList;
			buildConfigurations = (
				BAD1DB56192D35B200DF8FCE /* Debug */,
				BAD1DB57192D35B200DF8FCE /* Release */,
			);
			defaultConfigurationIsVisible = 0;
			defaultConfigurationName = Release;
		};
/* End XCConfigurationList section */
	};
	rootObject = BAD1DB1E192D35B100DF8FCE /* Project object */;
}
