// !$*UTF8*$!
{
	archiveVersion = 1;
	classes = {
	};
	objectVersion = 46;
	objects = {

/* Begin PBXBuildFile section */
		4E906F311CC983680058BFA5 /* ZSTToolkit.h in Headers */ = {isa = PBXBuildFile; fileRef = 4E906F301CC983680058BFA5 /* ZSTToolkit.h */; settings = {ATTRIBUTES = (Public, ); }; };
		4E906F431CC983680058BFA5 /* ZSTToolkit.framework in Frameworks */ = {isa = PBXBuildFile; fileRef = 4E906F2E1CC983670058BFA5 /* ZSTToolkit.framework */; };
		4E906F441CC983680058BFA5 /* ZSTToolkit.framework in Embed Frameworks */ = {isa = PBXBuildFile; fileRef = 4E906F2E1CC983670058BFA5 /* ZSTToolkit.framework */; settings = {ATTRIBUTES = (CodeSignOnCopy, RemoveHeadersOnCopy, ); }; };
		4E906F521CC98E9A0058BFA5 /* NSAttributedString+ZSTCreationAdditions.h in Headers */ = {isa = PBXBuildFile; fileRef = BAA9F9161930A7170007DB78 /* NSAttributedString+ZSTCreationAdditions.h */; settings = {ATTRIBUTES = (Public, ); }; };
		4E906F531CC98E9A0058BFA5 /* NSDictionary+ZSTKeyValueExtensions.h in Headers */ = {isa = PBXBuildFile; fileRef = BAD1DB5A192D53A400DF8FCE /* NSDictionary+ZSTKeyValueExtensions.h */; settings = {ATTRIBUTES = (Public, ); }; };
		4E906F541CC98E9A0058BFA5 /* NSException+ZSTAbstractClassAdditions.h in Headers */ = {isa = PBXBuildFile; fileRef = BAA9F8FA192FC0AA0007DB78 /* NSException+ZSTAbstractClassAdditions.h */; settings = {ATTRIBUTES = (Public, ); }; };
		4E906F551CC98E9A0058BFA5 /* NSMutableAttributedString+ZSTAdditions.h in Headers */ = {isa = PBXBuildFile; fileRef = BAA9F911193013870007DB78 /* NSMutableAttributedString+ZSTAdditions.h */; settings = {ATTRIBUTES = (Public, ); }; };
		4E906F561CC98E9A0058BFA5 /* NSMutableDictionary+ZSTKeyValueExtensions.h in Headers */ = {isa = PBXBuildFile; fileRef = BA5581FD192F66D5003E643C /* NSMutableDictionary+ZSTKeyValueExtensions.h */; settings = {ATTRIBUTES = (Public, ); }; };
		4E906F571CC98E9A0058BFA5 /* NSString+ZSTValidations.h in Headers */ = {isa = PBXBuildFile; fileRef = BAA9F91B1930ECE10007DB78 /* NSString+ZSTValidations.h */; settings = {ATTRIBUTES = (Public, ); }; };
		4E906F581CC98E9A0058BFA5 /* UIImage+ZSTCreationAdditions.h in Headers */ = {isa = PBXBuildFile; fileRef = BAA9F92A193539A00007DB78 /* UIImage+ZSTCreationAdditions.h */; settings = {ATTRIBUTES = (Public, ); }; };
		4E906F591CC98E9A0058BFA5 /* UINavigationController+ZSTAdditions.h in Headers */ = {isa = PBXBuildFile; fileRef = BAA9F9201931013F0007DB78 /* UINavigationController+ZSTAdditions.h */; settings = {ATTRIBUTES = (Public, ); }; };
		4E906F5A1CC98E9A0058BFA5 /* UIView+ZSTFrameAdditions.h in Headers */ = {isa = PBXBuildFile; fileRef = BA558202192FA58E003E643C /* UIView+ZSTFrameAdditions.h */; settings = {ATTRIBUTES = (Public, ); }; };
		4E906F5B1CC98E9A0058BFA5 /* UIView+ZSTNibAdditions.h in Headers */ = {isa = PBXBuildFile; fileRef = BAAA92CA193B85E7002F09EC /* UIView+ZSTNibAdditions.h */; settings = {ATTRIBUTES = (Public, ); }; };
		4E906F5C1CC98E9A0058BFA5 /* ZSTCategories.h in Headers */ = {isa = PBXBuildFile; fileRef = BAA887B81943B7DE00618BAF /* ZSTCategories.h */; settings = {ATTRIBUTES = (Public, ); }; };
		4E906F5D1CC98E9A0058BFA5 /* ZSTAbsoluteTimer.h in Headers */ = {isa = PBXBuildFile; fileRef = BAA9F92519310E570007DB78 /* ZSTAbsoluteTimer.h */; settings = {ATTRIBUTES = (Public, ); }; };
		4E906F5E1CC98E9A0058BFA5 /* ZSTJSONObjectInitializationProtocol.h in Headers */ = {isa = PBXBuildFile; fileRef = BA5581FC192F605C003E643C /* ZSTJSONObjectInitializationProtocol.h */; settings = {ATTRIBUTES = (Public, ); }; };
		4E906F5F1CC98E9A0058BFA5 /* ZSTRGB.h in Headers */ = {isa = PBXBuildFile; fileRef = BAA9F8FF192FCFA40007DB78 /* ZSTRGB.h */; settings = {ATTRIBUTES = (Public, ); }; };
		4E906F601CC98E9A0058BFA5 /* ZSTWildcardGestureRecognizer.h in Headers */ = {isa = PBXBuildFile; fileRef = BAA9F902192FD9150007DB78 /* ZSTWildcardGestureRecognizer.h */; settings = {ATTRIBUTES = (Public, ); }; };
		4E906FB81CC9A2A10058BFA5 /* NSAttributedString+ZSTCreationAdditions.m in Sources */ = {isa = PBXBuildFile; fileRef = BAA9F9171930A7170007DB78 /* NSAttributedString+ZSTCreationAdditions.m */; };
		4E906FB91CC9A2A10058BFA5 /* NSDictionary+ZSTKeyValueExtensions.m in Sources */ = {isa = PBXBuildFile; fileRef = BAD1DB5B192D53A400DF8FCE /* NSDictionary+ZSTKeyValueExtensions.m */; };
		4E906FBA1CC9A2A10058BFA5 /* NSException+ZSTAbstractClassAdditions.m in Sources */ = {isa = PBXBuildFile; fileRef = BAA9F8FB192FC0AA0007DB78 /* NSException+ZSTAbstractClassAdditions.m */; };
		4E906FBB1CC9A2A10058BFA5 /* NSMutableAttributedString+ZSTAdditions.m in Sources */ = {isa = PBXBuildFile; fileRef = BAA9F912193013870007DB78 /* NSMutableAttributedString+ZSTAdditions.m */; };
		4E906FBC1CC9A2A10058BFA5 /* NSMutableDictionary+ZSTKeyValueExtensions.m in Sources */ = {isa = PBXBuildFile; fileRef = BA5581FE192F66D5003E643C /* NSMutableDictionary+ZSTKeyValueExtensions.m */; };
		4E906FBD1CC9A2A10058BFA5 /* NSString+ZSTValidations.m in Sources */ = {isa = PBXBuildFile; fileRef = BAA9F91C1930ECE10007DB78 /* NSString+ZSTValidations.m */; };
		4E906FBE1CC9A2A10058BFA5 /* UIImage+ZSTCreationAdditions.m in Sources */ = {isa = PBXBuildFile; fileRef = BAA9F92B193539A00007DB78 /* UIImage+ZSTCreationAdditions.m */; };
		4E906FBF1CC9A2A10058BFA5 /* UINavigationController+ZSTAdditions.m in Sources */ = {isa = PBXBuildFile; fileRef = BAA9F9211931013F0007DB78 /* UINavigationController+ZSTAdditions.m */; };
		4E906FC01CC9A2A10058BFA5 /* UIView+ZSTFrameAdditions.m in Sources */ = {isa = PBXBuildFile; fileRef = BA558203192FA58E003E643C /* UIView+ZSTFrameAdditions.m */; };
		4E906FC11CC9A2A10058BFA5 /* UIView+ZSTNibAdditions.m in Sources */ = {isa = PBXBuildFile; fileRef = BAAA92CB193B85E7002F09EC /* UIView+ZSTNibAdditions.m */; };
		4E906FC21CC9A2A10058BFA5 /* ZSTAbsoluteTimer.m in Sources */ = {isa = PBXBuildFile; fileRef = BAA9F92619310E570007DB78 /* ZSTAbsoluteTimer.m */; };
		4E906FC31CC9A2A10058BFA5 /* ZSTWildcardGestureRecognizer.m in Sources */ = {isa = PBXBuildFile; fileRef = BAA9F903192FD9150007DB78 /* ZSTWildcardGestureRecognizer.m */; };
		BA558201192F6773003E643C /* ZSTMutableDictionaryKeyValueExtensionsSpec.m in Sources */ = {isa = PBXBuildFile; fileRef = BA558200192F6773003E643C /* ZSTMutableDictionaryKeyValueExtensionsSpec.m */; };
		BAA9F8FE192FC61C0007DB78 /* ZSTExceptionAbstractClassAdditionsSpec.m in Sources */ = {isa = PBXBuildFile; fileRef = BAA9F8FD192FC61C0007DB78 /* ZSTExceptionAbstractClassAdditionsSpec.m */; };
		BAA9F901192FCFF20007DB78 /* ZSTRGBSpec.m in Sources */ = {isa = PBXBuildFile; fileRef = BAA9F900192FCFF20007DB78 /* ZSTRGBSpec.m */; };
		BAA9F906192FE1750007DB78 /* ZSTWildcardGestureRecognizerSpec.m in Sources */ = {isa = PBXBuildFile; fileRef = BAA9F905192FE1750007DB78 /* ZSTWildcardGestureRecognizerSpec.m */; };
		BAA9F90C192FFDF50007DB78 /* ZSTWildCardGestureTestViewController.m in Sources */ = {isa = PBXBuildFile; fileRef = BAA9F90A192FFDF50007DB78 /* ZSTWildCardGestureTestViewController.m */; };
		BAA9F90D192FFDF50007DB78 /* ZSTWildCardGestureTestViewController.xib in Resources */ = {isa = PBXBuildFile; fileRef = BAA9F90B192FFDF50007DB78 /* ZSTWildCardGestureTestViewController.xib */; };
		BAA9F9151930A33E0007DB78 /* ZSTMutableAttributedStringAdditionsSpec.m in Sources */ = {isa = PBXBuildFile; fileRef = BAA9F9141930A33E0007DB78 /* ZSTMutableAttributedStringAdditionsSpec.m */; };
		BAA9F91A1930AB0F0007DB78 /* ZSTAttributedStringCreationAdditionsSpec.m in Sources */ = {isa = PBXBuildFile; fileRef = BAA9F9191930AB0F0007DB78 /* ZSTAttributedStringCreationAdditionsSpec.m */; };
		BAA9F91F1930ED770007DB78 /* ZSTStringValidationsSpec.m in Sources */ = {isa = PBXBuildFile; fileRef = BAA9F91E1930ED770007DB78 /* ZSTStringValidationsSpec.m */; };
		BAA9F9241931026E0007DB78 /* ZSTNavigationControllerAdditionsSpec.m in Sources */ = {isa = PBXBuildFile; fileRef = BAA9F9231931026E0007DB78 /* ZSTNavigationControllerAdditionsSpec.m */; };
		BAA9F92919310E690007DB78 /* ZSTAbsoluteTimerSpec.m in Sources */ = {isa = PBXBuildFile; fileRef = BAA9F92819310E690007DB78 /* ZSTAbsoluteTimerSpec.m */; };
		BAA9F92E19353A290007DB78 /* ZSTImageCreationAdditionsSpec.m in Sources */ = {isa = PBXBuildFile; fileRef = BAA9F92D19353A290007DB78 /* ZSTImageCreationAdditionsSpec.m */; };
		BAAA92CE193B8602002F09EC /* ZSTViewNibAdditionsSpec.m in Sources */ = {isa = PBXBuildFile; fileRef = BAAA92CD193B8602002F09EC /* ZSTViewNibAdditionsSpec.m */; };
		BAAA92D2193D2736002F09EC /* ZSTNibTestView.m in Sources */ = {isa = PBXBuildFile; fileRef = BAAA92D1193D2736002F09EC /* ZSTNibTestView.m */; };
		BAAA92D4193D2749002F09EC /* ZSTNibTestView.xib in Resources */ = {isa = PBXBuildFile; fileRef = BAAA92D3193D2749002F09EC /* ZSTNibTestView.xib */; };
		BAAA92D5193D29A6002F09EC /* ZSTNibTestView.xib in Resources */ = {isa = PBXBuildFile; fileRef = BAAA92D3193D2749002F09EC /* ZSTNibTestView.xib */; };
		BAAA92D8193D2A92002F09EC /* ZSTNibTestOtherView.m in Sources */ = {isa = PBXBuildFile; fileRef = BAAA92D7193D2A92002F09EC /* ZSTNibTestOtherView.m */; };
		BAAAFF0B192FA7DC008145CA /* ZSTViewFrameAdditionsSpec.m in Sources */ = {isa = PBXBuildFile; fileRef = BAAAFF0A192FA7DC008145CA /* ZSTViewFrameAdditionsSpec.m */; };
		BAD1DB2A192D35B100DF8FCE /* Foundation.framework in Frameworks */ = {isa = PBXBuildFile; fileRef = BAD1DB29192D35B100DF8FCE /* Foundation.framework */; };
		BAD1DB2C192D35B100DF8FCE /* CoreGraphics.framework in Frameworks */ = {isa = PBXBuildFile; fileRef = BAD1DB2B192D35B100DF8FCE /* CoreGraphics.framework */; };
		BAD1DB2E192D35B100DF8FCE /* UIKit.framework in Frameworks */ = {isa = PBXBuildFile; fileRef = BAD1DB2D192D35B100DF8FCE /* UIKit.framework */; };
		BAD1DB34192D35B100DF8FCE /* InfoPlist.strings in Resources */ = {isa = PBXBuildFile; fileRef = BAD1DB32192D35B100DF8FCE /* InfoPlist.strings */; };
		BAD1DB36192D35B100DF8FCE /* main.m in Sources */ = {isa = PBXBuildFile; fileRef = BAD1DB35192D35B100DF8FCE /* main.m */; };
		BAD1DB3A192D35B100DF8FCE /* ZSTAppDelegate.m in Sources */ = {isa = PBXBuildFile; fileRef = BAD1DB39192D35B100DF8FCE /* ZSTAppDelegate.m */; };
		BAD1DB3C192D35B100DF8FCE /* Images.xcassets in Resources */ = {isa = PBXBuildFile; fileRef = BAD1DB3B192D35B100DF8FCE /* Images.xcassets */; };
		BAD1DB43192D35B200DF8FCE /* XCTest.framework in Frameworks */ = {isa = PBXBuildFile; fileRef = BAD1DB42192D35B200DF8FCE /* XCTest.framework */; };
		BAD1DB44192D35B200DF8FCE /* Foundation.framework in Frameworks */ = {isa = PBXBuildFile; fileRef = BAD1DB29192D35B100DF8FCE /* Foundation.framework */; };
		BAD1DB45192D35B200DF8FCE /* UIKit.framework in Frameworks */ = {isa = PBXBuildFile; fileRef = BAD1DB2D192D35B100DF8FCE /* UIKit.framework */; };
		BAD1DB4D192D35B200DF8FCE /* InfoPlist.strings in Resources */ = {isa = PBXBuildFile; fileRef = BAD1DB4B192D35B200DF8FCE /* InfoPlist.strings */; };
		BAD1DB5E192DDA0800DF8FCE /* ZSTDictionaryKeyValueExtensionsSpec.m in Sources */ = {isa = PBXBuildFile; fileRef = BAD1DB5D192DDA0800DF8FCE /* ZSTDictionaryKeyValueExtensionsSpec.m */; };
		F2F28A431F67BAEACCD91794 /* libPods-ZSTToolkitTests.a in Frameworks */ = {isa = PBXBuildFile; fileRef = 7EF8F1EE4B607D634B6064C2 /* libPods-ZSTToolkitTests.a */; };
/* End PBXBuildFile section */

/* Begin PBXContainerItemProxy section */
		4E906F411CC983680058BFA5 /* PBXContainerItemProxy */ = {
			isa = PBXContainerItemProxy;
			containerPortal = BAD1DB1E192D35B100DF8FCE /* Project object */;
			proxyType = 1;
			remoteGlobalIDString = 4E906F2D1CC983670058BFA5;
			remoteInfo = ZSTToolkit;
		};
		BAD1DB46192D35B200DF8FCE /* PBXContainerItemProxy */ = {
			isa = PBXContainerItemProxy;
			containerPortal = BAD1DB1E192D35B100DF8FCE /* Project object */;
			proxyType = 1;
			remoteGlobalIDString = BAD1DB25192D35B100DF8FCE;
			remoteInfo = ZSTToolkit;
		};
/* End PBXContainerItemProxy section */

/* Begin PBXCopyFilesBuildPhase section */
		4E906F481CC983680058BFA5 /* Embed Frameworks */ = {
			isa = PBXCopyFilesBuildPhase;
			buildActionMask = 2147483647;
			dstPath = "";
			dstSubfolderSpec = 10;
			files = (
				4E906F441CC983680058BFA5 /* ZSTToolkit.framework in Embed Frameworks */,
			);
			name = "Embed Frameworks";
			runOnlyForDeploymentPostprocessing = 0;
		};
/* End PBXCopyFilesBuildPhase section */

/* Begin PBXFileReference section */
		0DF01A2EA9119A8E87EF82C6 /* Pods-ZSTToolkitTests.release.xcconfig */ = {isa = PBXFileReference; includeInIndex = 1; lastKnownFileType = text.xcconfig; name = "Pods-ZSTToolkitTests.release.xcconfig"; path = "Pods/Target Support Files/Pods-ZSTToolkitTests/Pods-ZSTToolkitTests.release.xcconfig"; sourceTree = "<group>"; };
		4E906F2E1CC983670058BFA5 /* ZSTToolkit.framework */ = {isa = PBXFileReference; explicitFileType = wrapper.framework; includeInIndex = 0; path = ZSTToolkit.framework; sourceTree = BUILT_PRODUCTS_DIR; };
		4E906F301CC983680058BFA5 /* ZSTToolkit.h */ = {isa = PBXFileReference; lastKnownFileType = sourcecode.c.h; path = ZSTToolkit.h; sourceTree = "<group>"; };
		4E906F321CC983680058BFA5 /* Info.plist */ = {isa = PBXFileReference; lastKnownFileType = text.plist.xml; path = Info.plist; sourceTree = "<group>"; };
		7EF8F1EE4B607D634B6064C2 /* libPods-ZSTToolkitTests.a */ = {isa = PBXFileReference; explicitFileType = archive.ar; includeInIndex = 0; path = "libPods-ZSTToolkitTests.a"; sourceTree = BUILT_PRODUCTS_DIR; };
		BA5581FC192F605C003E643C /* ZSTJSONObjectInitializationProtocol.h */ = {isa = PBXFileReference; lastKnownFileType = sourcecode.c.h; path = ZSTJSONObjectInitializationProtocol.h; sourceTree = "<group>"; };
		BA5581FD192F66D5003E643C /* NSMutableDictionary+ZSTKeyValueExtensions.h */ = {isa = PBXFileReference; fileEncoding = 4; lastKnownFileType = sourcecode.c.h; path = "NSMutableDictionary+ZSTKeyValueExtensions.h"; sourceTree = "<group>"; };
		BA5581FE192F66D5003E643C /* NSMutableDictionary+ZSTKeyValueExtensions.m */ = {isa = PBXFileReference; fileEncoding = 4; lastKnownFileType = sourcecode.c.objc; path = "NSMutableDictionary+ZSTKeyValueExtensions.m"; sourceTree = "<group>"; };
		BA558200192F6773003E643C /* ZSTMutableDictionaryKeyValueExtensionsSpec.m */ = {isa = PBXFileReference; fileEncoding = 4; lastKnownFileType = sourcecode.c.objc; path = ZSTMutableDictionaryKeyValueExtensionsSpec.m; sourceTree = "<group>"; };
		BA558202192FA58E003E643C /* UIView+ZSTFrameAdditions.h */ = {isa = PBXFileReference; fileEncoding = 4; lastKnownFileType = sourcecode.c.h; path = "UIView+ZSTFrameAdditions.h"; sourceTree = "<group>"; };
		BA558203192FA58E003E643C /* UIView+ZSTFrameAdditions.m */ = {isa = PBXFileReference; fileEncoding = 4; lastKnownFileType = sourcecode.c.objc; path = "UIView+ZSTFrameAdditions.m"; sourceTree = "<group>"; };
		BA63C3281943B99C0095BBBE /* ZSTToolkit.h */ = {isa = PBXFileReference; lastKnownFileType = sourcecode.c.h; path = ZSTToolkit.h; sourceTree = "<group>"; };
		BA8463BD192E9E8900622332 /* Warnings.xcconfig */ = {isa = PBXFileReference; fileEncoding = 4; lastKnownFileType = text.xcconfig; path = Warnings.xcconfig; sourceTree = "<group>"; };
		BAA887B81943B7DE00618BAF /* ZSTCategories.h */ = {isa = PBXFileReference; lastKnownFileType = sourcecode.c.h; path = ZSTCategories.h; sourceTree = "<group>"; };
		BAA9F8FA192FC0AA0007DB78 /* NSException+ZSTAbstractClassAdditions.h */ = {isa = PBXFileReference; fileEncoding = 4; lastKnownFileType = sourcecode.c.h; path = "NSException+ZSTAbstractClassAdditions.h"; sourceTree = "<group>"; };
		BAA9F8FB192FC0AA0007DB78 /* NSException+ZSTAbstractClassAdditions.m */ = {isa = PBXFileReference; fileEncoding = 4; lastKnownFileType = sourcecode.c.objc; path = "NSException+ZSTAbstractClassAdditions.m"; sourceTree = "<group>"; };
		BAA9F8FD192FC61C0007DB78 /* ZSTExceptionAbstractClassAdditionsSpec.m */ = {isa = PBXFileReference; fileEncoding = 4; lastKnownFileType = sourcecode.c.objc; path = ZSTExceptionAbstractClassAdditionsSpec.m; sourceTree = "<group>"; };
		BAA9F8FF192FCFA40007DB78 /* ZSTRGB.h */ = {isa = PBXFileReference; lastKnownFileType = sourcecode.c.h; path = ZSTRGB.h; sourceTree = "<group>"; };
		BAA9F900192FCFF20007DB78 /* ZSTRGBSpec.m */ = {isa = PBXFileReference; fileEncoding = 4; lastKnownFileType = sourcecode.c.objc; path = ZSTRGBSpec.m; sourceTree = "<group>"; };
		BAA9F902192FD9150007DB78 /* ZSTWildcardGestureRecognizer.h */ = {isa = PBXFileReference; fileEncoding = 4; lastKnownFileType = sourcecode.c.h; path = ZSTWildcardGestureRecognizer.h; sourceTree = "<group>"; };
		BAA9F903192FD9150007DB78 /* ZSTWildcardGestureRecognizer.m */ = {isa = PBXFileReference; fileEncoding = 4; lastKnownFileType = sourcecode.c.objc; path = ZSTWildcardGestureRecognizer.m; sourceTree = "<group>"; };
		BAA9F905192FE1750007DB78 /* ZSTWildcardGestureRecognizerSpec.m */ = {isa = PBXFileReference; fileEncoding = 4; lastKnownFileType = sourcecode.c.objc; path = ZSTWildcardGestureRecognizerSpec.m; sourceTree = "<group>"; };
		BAA9F909192FFDF50007DB78 /* ZSTWildCardGestureTestViewController.h */ = {isa = PBXFileReference; fileEncoding = 4; lastKnownFileType = sourcecode.c.h; path = ZSTWildCardGestureTestViewController.h; sourceTree = "<group>"; };
		BAA9F90A192FFDF50007DB78 /* ZSTWildCardGestureTestViewController.m */ = {isa = PBXFileReference; fileEncoding = 4; lastKnownFileType = sourcecode.c.objc; path = ZSTWildCardGestureTestViewController.m; sourceTree = "<group>"; };
		BAA9F90B192FFDF50007DB78 /* ZSTWildCardGestureTestViewController.xib */ = {isa = PBXFileReference; fileEncoding = 4; lastKnownFileType = file.xib; path = ZSTWildCardGestureTestViewController.xib; sourceTree = "<group>"; };
		BAA9F911193013870007DB78 /* NSMutableAttributedString+ZSTAdditions.h */ = {isa = PBXFileReference; fileEncoding = 4; lastKnownFileType = sourcecode.c.h; path = "NSMutableAttributedString+ZSTAdditions.h"; sourceTree = "<group>"; };
		BAA9F912193013870007DB78 /* NSMutableAttributedString+ZSTAdditions.m */ = {isa = PBXFileReference; fileEncoding = 4; lastKnownFileType = sourcecode.c.objc; path = "NSMutableAttributedString+ZSTAdditions.m"; sourceTree = "<group>"; };
		BAA9F9141930A33E0007DB78 /* ZSTMutableAttributedStringAdditionsSpec.m */ = {isa = PBXFileReference; fileEncoding = 4; lastKnownFileType = sourcecode.c.objc; path = ZSTMutableAttributedStringAdditionsSpec.m; sourceTree = "<group>"; };
		BAA9F9161930A7170007DB78 /* NSAttributedString+ZSTCreationAdditions.h */ = {isa = PBXFileReference; fileEncoding = 4; lastKnownFileType = sourcecode.c.h; path = "NSAttributedString+ZSTCreationAdditions.h"; sourceTree = "<group>"; };
		BAA9F9171930A7170007DB78 /* NSAttributedString+ZSTCreationAdditions.m */ = {isa = PBXFileReference; fileEncoding = 4; lastKnownFileType = sourcecode.c.objc; path = "NSAttributedString+ZSTCreationAdditions.m"; sourceTree = "<group>"; };
		BAA9F9191930AB0F0007DB78 /* ZSTAttributedStringCreationAdditionsSpec.m */ = {isa = PBXFileReference; fileEncoding = 4; lastKnownFileType = sourcecode.c.objc; path = ZSTAttributedStringCreationAdditionsSpec.m; sourceTree = "<group>"; };
		BAA9F91B1930ECE10007DB78 /* NSString+ZSTValidations.h */ = {isa = PBXFileReference; fileEncoding = 4; lastKnownFileType = sourcecode.c.h; path = "NSString+ZSTValidations.h"; sourceTree = "<group>"; };
		BAA9F91C1930ECE10007DB78 /* NSString+ZSTValidations.m */ = {isa = PBXFileReference; fileEncoding = 4; lastKnownFileType = sourcecode.c.objc; path = "NSString+ZSTValidations.m"; sourceTree = "<group>"; };
		BAA9F91E1930ED770007DB78 /* ZSTStringValidationsSpec.m */ = {isa = PBXFileReference; fileEncoding = 4; lastKnownFileType = sourcecode.c.objc; path = ZSTStringValidationsSpec.m; sourceTree = "<group>"; };
		BAA9F9201931013F0007DB78 /* UINavigationController+ZSTAdditions.h */ = {isa = PBXFileReference; fileEncoding = 4; lastKnownFileType = sourcecode.c.h; path = "UINavigationController+ZSTAdditions.h"; sourceTree = "<group>"; };
		BAA9F9211931013F0007DB78 /* UINavigationController+ZSTAdditions.m */ = {isa = PBXFileReference; fileEncoding = 4; lastKnownFileType = sourcecode.c.objc; path = "UINavigationController+ZSTAdditions.m"; sourceTree = "<group>"; };
		BAA9F9231931026E0007DB78 /* ZSTNavigationControllerAdditionsSpec.m */ = {isa = PBXFileReference; fileEncoding = 4; lastKnownFileType = sourcecode.c.objc; path = ZSTNavigationControllerAdditionsSpec.m; sourceTree = "<group>"; };
		BAA9F92519310E570007DB78 /* ZSTAbsoluteTimer.h */ = {isa = PBXFileReference; fileEncoding = 4; lastKnownFileType = sourcecode.c.h; path = ZSTAbsoluteTimer.h; sourceTree = "<group>"; };
		BAA9F92619310E570007DB78 /* ZSTAbsoluteTimer.m */ = {isa = PBXFileReference; fileEncoding = 4; lastKnownFileType = sourcecode.c.objc; path = ZSTAbsoluteTimer.m; sourceTree = "<group>"; };
		BAA9F92819310E690007DB78 /* ZSTAbsoluteTimerSpec.m */ = {isa = PBXFileReference; fileEncoding = 4; lastKnownFileType = sourcecode.c.objc; path = ZSTAbsoluteTimerSpec.m; sourceTree = "<group>"; };
		BAA9F92A193539A00007DB78 /* UIImage+ZSTCreationAdditions.h */ = {isa = PBXFileReference; fileEncoding = 4; lastKnownFileType = sourcecode.c.h; path = "UIImage+ZSTCreationAdditions.h"; sourceTree = "<group>"; };
		BAA9F92B193539A00007DB78 /* UIImage+ZSTCreationAdditions.m */ = {isa = PBXFileReference; fileEncoding = 4; lastKnownFileType = sourcecode.c.objc; path = "UIImage+ZSTCreationAdditions.m"; sourceTree = "<group>"; };
		BAA9F92D19353A290007DB78 /* ZSTImageCreationAdditionsSpec.m */ = {isa = PBXFileReference; fileEncoding = 4; lastKnownFileType = sourcecode.c.objc; path = ZSTImageCreationAdditionsSpec.m; sourceTree = "<group>"; };
		BAAA92CA193B85E7002F09EC /* UIView+ZSTNibAdditions.h */ = {isa = PBXFileReference; fileEncoding = 4; lastKnownFileType = sourcecode.c.h; path = "UIView+ZSTNibAdditions.h"; sourceTree = "<group>"; };
		BAAA92CB193B85E7002F09EC /* UIView+ZSTNibAdditions.m */ = {isa = PBXFileReference; fileEncoding = 4; lastKnownFileType = sourcecode.c.objc; path = "UIView+ZSTNibAdditions.m"; sourceTree = "<group>"; };
		BAAA92CD193B8602002F09EC /* ZSTViewNibAdditionsSpec.m */ = {isa = PBXFileReference; fileEncoding = 4; lastKnownFileType = sourcecode.c.objc; path = ZSTViewNibAdditionsSpec.m; sourceTree = "<group>"; };
		BAAA92D0193D2736002F09EC /* ZSTNibTestView.h */ = {isa = PBXFileReference; fileEncoding = 4; lastKnownFileType = sourcecode.c.h; path = ZSTNibTestView.h; sourceTree = "<group>"; };
		BAAA92D1193D2736002F09EC /* ZSTNibTestView.m */ = {isa = PBXFileReference; fileEncoding = 4; lastKnownFileType = sourcecode.c.objc; path = ZSTNibTestView.m; sourceTree = "<group>"; };
		BAAA92D3193D2749002F09EC /* ZSTNibTestView.xib */ = {isa = PBXFileReference; fileEncoding = 4; lastKnownFileType = file.xib; path = ZSTNibTestView.xib; sourceTree = "<group>"; };
		BAAA92D6193D2A92002F09EC /* ZSTNibTestOtherView.h */ = {isa = PBXFileReference; fileEncoding = 4; lastKnownFileType = sourcecode.c.h; path = ZSTNibTestOtherView.h; sourceTree = "<group>"; };
		BAAA92D7193D2A92002F09EC /* ZSTNibTestOtherView.m */ = {isa = PBXFileReference; fileEncoding = 4; lastKnownFileType = sourcecode.c.objc; path = ZSTNibTestOtherView.m; sourceTree = "<group>"; };
		BAAAFF0A192FA7DC008145CA /* ZSTViewFrameAdditionsSpec.m */ = {isa = PBXFileReference; fileEncoding = 4; lastKnownFileType = sourcecode.c.objc; path = ZSTViewFrameAdditionsSpec.m; sourceTree = "<group>"; };
		BAD1DB26192D35B100DF8FCE /* ZSTToolkitApp.app */ = {isa = PBXFileReference; explicitFileType = wrapper.application; includeInIndex = 0; path = ZSTToolkitApp.app; sourceTree = BUILT_PRODUCTS_DIR; };
		BAD1DB29192D35B100DF8FCE /* Foundation.framework */ = {isa = PBXFileReference; lastKnownFileType = wrapper.framework; name = Foundation.framework; path = System/Library/Frameworks/Foundation.framework; sourceTree = SDKROOT; };
		BAD1DB2B192D35B100DF8FCE /* CoreGraphics.framework */ = {isa = PBXFileReference; lastKnownFileType = wrapper.framework; name = CoreGraphics.framework; path = System/Library/Frameworks/CoreGraphics.framework; sourceTree = SDKROOT; };
		BAD1DB2D192D35B100DF8FCE /* UIKit.framework */ = {isa = PBXFileReference; lastKnownFileType = wrapper.framework; name = UIKit.framework; path = System/Library/Frameworks/UIKit.framework; sourceTree = SDKROOT; };
		BAD1DB31192D35B100DF8FCE /* ZSTToolkit-Info.plist */ = {isa = PBXFileReference; lastKnownFileType = text.plist.xml; path = "ZSTToolkit-Info.plist"; sourceTree = "<group>"; };
		BAD1DB33192D35B100DF8FCE /* en */ = {isa = PBXFileReference; lastKnownFileType = text.plist.strings; name = en; path = en.lproj/InfoPlist.strings; sourceTree = "<group>"; };
		BAD1DB35192D35B100DF8FCE /* main.m */ = {isa = PBXFileReference; lastKnownFileType = sourcecode.c.objc; path = main.m; sourceTree = "<group>"; };
		BAD1DB37192D35B100DF8FCE /* ZSTToolkit-Prefix.pch */ = {isa = PBXFileReference; lastKnownFileType = sourcecode.c.h; path = "ZSTToolkit-Prefix.pch"; sourceTree = "<group>"; };
		BAD1DB38192D35B100DF8FCE /* ZSTAppDelegate.h */ = {isa = PBXFileReference; lastKnownFileType = sourcecode.c.h; name = ZSTAppDelegate.h; path = ../ZSTAppDelegate.h; sourceTree = "<group>"; };
		BAD1DB39192D35B100DF8FCE /* ZSTAppDelegate.m */ = {isa = PBXFileReference; lastKnownFileType = sourcecode.c.objc; name = ZSTAppDelegate.m; path = ../ZSTAppDelegate.m; sourceTree = "<group>"; };
		BAD1DB3B192D35B100DF8FCE /* Images.xcassets */ = {isa = PBXFileReference; lastKnownFileType = folder.assetcatalog; path = Images.xcassets; sourceTree = "<group>"; };
		BAD1DB41192D35B200DF8FCE /* ZSTToolkitTests.xctest */ = {isa = PBXFileReference; explicitFileType = wrapper.cfbundle; includeInIndex = 0; path = ZSTToolkitTests.xctest; sourceTree = BUILT_PRODUCTS_DIR; };
		BAD1DB42192D35B200DF8FCE /* XCTest.framework */ = {isa = PBXFileReference; lastKnownFileType = wrapper.framework; name = XCTest.framework; path = Library/Frameworks/XCTest.framework; sourceTree = DEVELOPER_DIR; };
		BAD1DB4A192D35B200DF8FCE /* ZSTToolkitTests-Info.plist */ = {isa = PBXFileReference; lastKnownFileType = text.plist.xml; path = "ZSTToolkitTests-Info.plist"; sourceTree = "<group>"; };
		BAD1DB4C192D35B200DF8FCE /* en */ = {isa = PBXFileReference; lastKnownFileType = text.plist.strings; name = en; path = en.lproj/InfoPlist.strings; sourceTree = "<group>"; };
		BAD1DB5A192D53A400DF8FCE /* NSDictionary+ZSTKeyValueExtensions.h */ = {isa = PBXFileReference; fileEncoding = 4; lastKnownFileType = sourcecode.c.h; path = "NSDictionary+ZSTKeyValueExtensions.h"; sourceTree = "<group>"; };
		BAD1DB5B192D53A400DF8FCE /* NSDictionary+ZSTKeyValueExtensions.m */ = {isa = PBXFileReference; fileEncoding = 4; lastKnownFileType = sourcecode.c.objc; path = "NSDictionary+ZSTKeyValueExtensions.m"; sourceTree = "<group>"; };
		BAD1DB5D192DDA0800DF8FCE /* ZSTDictionaryKeyValueExtensionsSpec.m */ = {isa = PBXFileReference; fileEncoding = 4; lastKnownFileType = sourcecode.c.objc; path = ZSTDictionaryKeyValueExtensionsSpec.m; sourceTree = "<group>"; };
		E1212D90B7B4F08CD013FCF2 /* Pods-ZSTToolkitTests.debug.xcconfig */ = {isa = PBXFileReference; includeInIndex = 1; lastKnownFileType = text.xcconfig; name = "Pods-ZSTToolkitTests.debug.xcconfig"; path = "Pods/Target Support Files/Pods-ZSTToolkitTests/Pods-ZSTToolkitTests.debug.xcconfig"; sourceTree = "<group>"; };
/* End PBXFileReference section */

/* Begin PBXFrameworksBuildPhase section */
		4E906F2A1CC983670058BFA5 /* Frameworks */ = {
			isa = PBXFrameworksBuildPhase;
			buildActionMask = 2147483647;
			files = (
			);
			runOnlyForDeploymentPostprocessing = 0;
		};
		BAD1DB23192D35B100DF8FCE /* Frameworks */ = {
			isa = PBXFrameworksBuildPhase;
			buildActionMask = 2147483647;
			files = (
				BAD1DB2C192D35B100DF8FCE /* CoreGraphics.framework in Frameworks */,
				BAD1DB2E192D35B100DF8FCE /* UIKit.framework in Frameworks */,
				BAD1DB2A192D35B100DF8FCE /* Foundation.framework in Frameworks */,
				4E906F431CC983680058BFA5 /* ZSTToolkit.framework in Frameworks */,
			);
			runOnlyForDeploymentPostprocessing = 0;
		};
		BAD1DB3E192D35B200DF8FCE /* Frameworks */ = {
			isa = PBXFrameworksBuildPhase;
			buildActionMask = 2147483647;
			files = (
				BAD1DB43192D35B200DF8FCE /* XCTest.framework in Frameworks */,
				BAD1DB45192D35B200DF8FCE /* UIKit.framework in Frameworks */,
				BAD1DB44192D35B200DF8FCE /* Foundation.framework in Frameworks */,
				F2F28A431F67BAEACCD91794 /* libPods-ZSTToolkitTests.a in Frameworks */,
			);
			runOnlyForDeploymentPostprocessing = 0;
		};
/* End PBXFrameworksBuildPhase section */

/* Begin PBXGroup section */
		4E906F2F1CC983680058BFA5 /* ZSTToolkit */ = {
			isa = PBXGroup;
			children = (
				4E906F301CC983680058BFA5 /* ZSTToolkit.h */,
				4E906F321CC983680058BFA5 /* Info.plist */,
			);
			path = ZSTToolkit;
			sourceTree = "<group>";
		};
		B2988E9F311583F2A4A0A1A4 /* Pods */ = {
			isa = PBXGroup;
			children = (
				E1212D90B7B4F08CD013FCF2 /* Pods-ZSTToolkitTests.debug.xcconfig */,
				0DF01A2EA9119A8E87EF82C6 /* Pods-ZSTToolkitTests.release.xcconfig */,
			);
			name = Pods;
			sourceTree = "<group>";
		};
		BAA9F907192FFD830007DB78 /* Classes */ = {
			isa = PBXGroup;
			children = (
				BAA9F908192FFDA70007DB78 /* ViewControllers */,
				BAD1DB38192D35B100DF8FCE /* ZSTAppDelegate.h */,
				BAD1DB39192D35B100DF8FCE /* ZSTAppDelegate.m */,
			);
			path = Classes;
			sourceTree = "<group>";
		};
		BAA9F908192FFDA70007DB78 /* ViewControllers */ = {
			isa = PBXGroup;
			children = (
				BAA9F909192FFDF50007DB78 /* ZSTWildCardGestureTestViewController.h */,
				BAA9F90A192FFDF50007DB78 /* ZSTWildCardGestureTestViewController.m */,
				BAA9F90B192FFDF50007DB78 /* ZSTWildCardGestureTestViewController.xib */,
			);
			path = ViewControllers;
			sourceTree = "<group>";
		};
		BAAA92CF193D26D9002F09EC /* Helpers */ = {
			isa = PBXGroup;
			children = (
				BAAA92D6193D2A92002F09EC /* ZSTNibTestOtherView.h */,
				BAAA92D7193D2A92002F09EC /* ZSTNibTestOtherView.m */,
				BAAA92D0193D2736002F09EC /* ZSTNibTestView.h */,
				BAAA92D1193D2736002F09EC /* ZSTNibTestView.m */,
				BAAA92D3193D2749002F09EC /* ZSTNibTestView.xib */,
			);
			path = Helpers;
			sourceTree = "<group>";
		};
		BAD1DB1D192D35B100DF8FCE = {
			isa = PBXGroup;
			children = (
				BAD1DB58192D3EDA00DF8FCE /* ZSTToolkit */,
				BAD1DB2F192D35B100DF8FCE /* ZSTToolkitExample */,
				BAD1DB48192D35B200DF8FCE /* ZSTToolkitTests */,
				4E906F2F1CC983680058BFA5 /* ZSTToolkit */,
				BAD1DB28192D35B100DF8FCE /* Frameworks */,
				BAD1DB27192D35B100DF8FCE /* Products */,
				B2988E9F311583F2A4A0A1A4 /* Pods */,
			);
			sourceTree = "<group>";
		};
		BAD1DB27192D35B100DF8FCE /* Products */ = {
			isa = PBXGroup;
			children = (
				BAD1DB26192D35B100DF8FCE /* ZSTToolkitApp.app */,
				BAD1DB41192D35B200DF8FCE /* ZSTToolkitTests.xctest */,
				4E906F2E1CC983670058BFA5 /* ZSTToolkit.framework */,
			);
			name = Products;
			sourceTree = "<group>";
		};
		BAD1DB28192D35B100DF8FCE /* Frameworks */ = {
			isa = PBXGroup;
			children = (
				BAD1DB29192D35B100DF8FCE /* Foundation.framework */,
				BAD1DB2B192D35B100DF8FCE /* CoreGraphics.framework */,
				BAD1DB2D192D35B100DF8FCE /* UIKit.framework */,
				BAD1DB42192D35B200DF8FCE /* XCTest.framework */,
				7EF8F1EE4B607D634B6064C2 /* libPods-ZSTToolkitTests.a */,
			);
			name = Frameworks;
			sourceTree = "<group>";
		};
		BAD1DB2F192D35B100DF8FCE /* ZSTToolkitExample */ = {
			isa = PBXGroup;
			children = (
				BAA9F907192FFD830007DB78 /* Classes */,
				BAD1DB3B192D35B100DF8FCE /* Images.xcassets */,
				BAD1DB30192D35B100DF8FCE /* Supporting Files */,
			);
			path = ZSTToolkitExample;
			sourceTree = "<group>";
		};
		BAD1DB30192D35B100DF8FCE /* Supporting Files */ = {
			isa = PBXGroup;
			children = (
				BA8463BD192E9E8900622332 /* Warnings.xcconfig */,
				BAD1DB31192D35B100DF8FCE /* ZSTToolkit-Info.plist */,
				BAD1DB32192D35B100DF8FCE /* InfoPlist.strings */,
				BAD1DB35192D35B100DF8FCE /* main.m */,
				BAD1DB37192D35B100DF8FCE /* ZSTToolkit-Prefix.pch */,
			);
			name = "Supporting Files";
			sourceTree = "<group>";
		};
		BAD1DB48192D35B200DF8FCE /* ZSTToolkitTests */ = {
			isa = PBXGroup;
			children = (
				BAAA92CF193D26D9002F09EC /* Helpers */,
				BAD1DB49192D35B200DF8FCE /* Supporting Files */,
				BAD1DB5D192DDA0800DF8FCE /* ZSTDictionaryKeyValueExtensionsSpec.m */,
				BA558200192F6773003E643C /* ZSTMutableDictionaryKeyValueExtensionsSpec.m */,
				BAAAFF0A192FA7DC008145CA /* ZSTViewFrameAdditionsSpec.m */,
				BAA9F8FD192FC61C0007DB78 /* ZSTExceptionAbstractClassAdditionsSpec.m */,
				BAA9F900192FCFF20007DB78 /* ZSTRGBSpec.m */,
				BAA9F905192FE1750007DB78 /* ZSTWildcardGestureRecognizerSpec.m */,
				BAA9F9141930A33E0007DB78 /* ZSTMutableAttributedStringAdditionsSpec.m */,
				BAA9F9191930AB0F0007DB78 /* ZSTAttributedStringCreationAdditionsSpec.m */,
				BAA9F91E1930ED770007DB78 /* ZSTStringValidationsSpec.m */,
				BAA9F9231931026E0007DB78 /* ZSTNavigationControllerAdditionsSpec.m */,
				BAA9F92819310E690007DB78 /* ZSTAbsoluteTimerSpec.m */,
				BAA9F92D19353A290007DB78 /* ZSTImageCreationAdditionsSpec.m */,
				BAAA92CD193B8602002F09EC /* ZSTViewNibAdditionsSpec.m */,
			);
			path = ZSTToolkitTests;
			sourceTree = "<group>";
		};
		BAD1DB49192D35B200DF8FCE /* Supporting Files */ = {
			isa = PBXGroup;
			children = (
				BAD1DB4A192D35B200DF8FCE /* ZSTToolkitTests-Info.plist */,
				BAD1DB4B192D35B200DF8FCE /* InfoPlist.strings */,
			);
			name = "Supporting Files";
			sourceTree = "<group>";
		};
		BAD1DB58192D3EDA00DF8FCE /* ZSTToolkit */ = {
			isa = PBXGroup;
			children = (
				BAD1DB59192D535A00DF8FCE /* Categories */,
				BAA9F92519310E570007DB78 /* ZSTAbsoluteTimer.h */,
				BAA9F92619310E570007DB78 /* ZSTAbsoluteTimer.m */,
				BA5581FC192F605C003E643C /* ZSTJSONObjectInitializationProtocol.h */,
				BAA9F8FF192FCFA40007DB78 /* ZSTRGB.h */,
				BA63C3281943B99C0095BBBE /* ZSTToolkit.h */,
				BAA9F902192FD9150007DB78 /* ZSTWildcardGestureRecognizer.h */,
				BAA9F903192FD9150007DB78 /* ZSTWildcardGestureRecognizer.m */,
			);
			path = ZSTToolkit;
			sourceTree = "<group>";
		};
		BAD1DB59192D535A00DF8FCE /* Categories */ = {
			isa = PBXGroup;
			children = (
				BAA9F9161930A7170007DB78 /* NSAttributedString+ZSTCreationAdditions.h */,
				BAA9F9171930A7170007DB78 /* NSAttributedString+ZSTCreationAdditions.m */,
				BAD1DB5A192D53A400DF8FCE /* NSDictionary+ZSTKeyValueExtensions.h */,
				BAD1DB5B192D53A400DF8FCE /* NSDictionary+ZSTKeyValueExtensions.m */,
				BAA9F8FA192FC0AA0007DB78 /* NSException+ZSTAbstractClassAdditions.h */,
				BAA9F8FB192FC0AA0007DB78 /* NSException+ZSTAbstractClassAdditions.m */,
				BAA9F911193013870007DB78 /* NSMutableAttributedString+ZSTAdditions.h */,
				BAA9F912193013870007DB78 /* NSMutableAttributedString+ZSTAdditions.m */,
				BA5581FD192F66D5003E643C /* NSMutableDictionary+ZSTKeyValueExtensions.h */,
				BA5581FE192F66D5003E643C /* NSMutableDictionary+ZSTKeyValueExtensions.m */,
				BAA9F91B1930ECE10007DB78 /* NSString+ZSTValidations.h */,
				BAA9F91C1930ECE10007DB78 /* NSString+ZSTValidations.m */,
				BAA9F92A193539A00007DB78 /* UIImage+ZSTCreationAdditions.h */,
				BAA9F92B193539A00007DB78 /* UIImage+ZSTCreationAdditions.m */,
				BAA9F9201931013F0007DB78 /* UINavigationController+ZSTAdditions.h */,
				BAA9F9211931013F0007DB78 /* UINavigationController+ZSTAdditions.m */,
				BA558202192FA58E003E643C /* UIView+ZSTFrameAdditions.h */,
				BA558203192FA58E003E643C /* UIView+ZSTFrameAdditions.m */,
				BAAA92CA193B85E7002F09EC /* UIView+ZSTNibAdditions.h */,
				BAAA92CB193B85E7002F09EC /* UIView+ZSTNibAdditions.m */,
				BAA887B81943B7DE00618BAF /* ZSTCategories.h */,
			);
			path = Categories;
			sourceTree = "<group>";
		};
/* End PBXGroup section */

/* Begin PBXHeadersBuildPhase section */
		4E906F2B1CC983670058BFA5 /* Headers */ = {
			isa = PBXHeadersBuildPhase;
			buildActionMask = 2147483647;
			files = (
				4E906F521CC98E9A0058BFA5 /* NSAttributedString+ZSTCreationAdditions.h in Headers */,
				4E906F531CC98E9A0058BFA5 /* NSDictionary+ZSTKeyValueExtensions.h in Headers */,
				4E906F541CC98E9A0058BFA5 /* NSException+ZSTAbstractClassAdditions.h in Headers */,
				4E906F551CC98E9A0058BFA5 /* NSMutableAttributedString+ZSTAdditions.h in Headers */,
				4E906F561CC98E9A0058BFA5 /* NSMutableDictionary+ZSTKeyValueExtensions.h in Headers */,
				4E906F571CC98E9A0058BFA5 /* NSString+ZSTValidations.h in Headers */,
				4E906F581CC98E9A0058BFA5 /* UIImage+ZSTCreationAdditions.h in Headers */,
				4E906F591CC98E9A0058BFA5 /* UINavigationController+ZSTAdditions.h in Headers */,
				4E906F5A1CC98E9A0058BFA5 /* UIView+ZSTFrameAdditions.h in Headers */,
				4E906F5B1CC98E9A0058BFA5 /* UIView+ZSTNibAdditions.h in Headers */,
				4E906F5C1CC98E9A0058BFA5 /* ZSTCategories.h in Headers */,
				4E906F5D1CC98E9A0058BFA5 /* ZSTAbsoluteTimer.h in Headers */,
				4E906F5E1CC98E9A0058BFA5 /* ZSTJSONObjectInitializationProtocol.h in Headers */,
				4E906F5F1CC98E9A0058BFA5 /* ZSTRGB.h in Headers */,
				4E906F311CC983680058BFA5 /* ZSTToolkit.h in Headers */,
				4E906F601CC98E9A0058BFA5 /* ZSTWildcardGestureRecognizer.h in Headers */,
			);
			runOnlyForDeploymentPostprocessing = 0;
		};
/* End PBXHeadersBuildPhase section */

/* Begin PBXNativeTarget section */
		4E906F2D1CC983670058BFA5 /* ZSTToolkit */ = {
			isa = PBXNativeTarget;
			buildConfigurationList = 4E906F451CC983680058BFA5 /* Build configuration list for PBXNativeTarget "ZSTToolkit" */;
			buildPhases = (
				4E906F291CC983670058BFA5 /* Sources */,
				4E906F2A1CC983670058BFA5 /* Frameworks */,
				4E906F2B1CC983670058BFA5 /* Headers */,
				4E906F2C1CC983670058BFA5 /* Resources */,
			);
			buildRules = (
			);
			dependencies = (
			);
			name = ZSTToolkit;
			productName = ZSTToolkit;
			productReference = 4E906F2E1CC983670058BFA5 /* ZSTToolkit.framework */;
			productType = "com.apple.product-type.framework";
		};
		BAD1DB25192D35B100DF8FCE /* ZSTToolkitApp */ = {
			isa = PBXNativeTarget;
			buildConfigurationList = BAD1DB52192D35B200DF8FCE /* Build configuration list for PBXNativeTarget "ZSTToolkitApp" */;
			buildPhases = (
				BAD1DB22192D35B100DF8FCE /* Sources */,
				BAD1DB23192D35B100DF8FCE /* Frameworks */,
				BAD1DB24192D35B100DF8FCE /* Resources */,
				BA8463BA192E966C00622332 /* Export Coverage */,
				4E906F481CC983680058BFA5 /* Embed Frameworks */,
			);
			buildRules = (
			);
			dependencies = (
				4E906F421CC983680058BFA5 /* PBXTargetDependency */,
			);
			name = ZSTToolkitApp;
			productName = ZSTToolkit;
			productReference = BAD1DB26192D35B100DF8FCE /* ZSTToolkitApp.app */;
			productType = "com.apple.product-type.application";
		};
		BAD1DB40192D35B200DF8FCE /* ZSTToolkitTests */ = {
			isa = PBXNativeTarget;
			buildConfigurationList = BAD1DB55192D35B200DF8FCE /* Build configuration list for PBXNativeTarget "ZSTToolkitTests" */;
			buildPhases = (
				F9F9F7843CEA4CF9E7E11B7B /* [CP] Check Pods Manifest.lock */,
				BAD1DB3D192D35B200DF8FCE /* Sources */,
				BAD1DB3E192D35B200DF8FCE /* Frameworks */,
				BAD1DB3F192D35B200DF8FCE /* Resources */,
				DE13E4468B25CD2818A827B1 /* [CP] Embed Pods Frameworks */,
				C44C89699684ED728C8E3C0F /* [CP] Copy Pods Resources */,
			);
			buildRules = (
			);
			dependencies = (
				BAD1DB47192D35B200DF8FCE /* PBXTargetDependency */,
			);
			name = ZSTToolkitTests;
			productName = ZSTToolkitTests;
			productReference = BAD1DB41192D35B200DF8FCE /* ZSTToolkitTests.xctest */;
			productType = "com.apple.product-type.bundle.unit-test";
		};
/* End PBXNativeTarget section */

/* Begin PBXProject section */
		BAD1DB1E192D35B100DF8FCE /* Project object */ = {
			isa = PBXProject;
			attributes = {
				CLASSPREFIX = ZST;
				LastUpgradeCheck = 0820;
				ORGANIZATIONNAME = "Irmak Can Ozsut";
				TargetAttributes = {
					4E906F2D1CC983670058BFA5 = {
						CreatedOnToolsVersion = 7.3;
					};
					BAD1DB25192D35B100DF8FCE = {
						ProvisioningStyle = Manual;
					};
					BAD1DB40192D35B200DF8FCE = {
						ProvisioningStyle = Manual;
						TestTargetID = BAD1DB25192D35B100DF8FCE;
					};
				};
			};
			buildConfigurationList = BAD1DB21192D35B100DF8FCE /* Build configuration list for PBXProject "ZSTToolkit" */;
			compatibilityVersion = "Xcode 3.2";
			developmentRegion = English;
			hasScannedForEncodings = 0;
			knownRegions = (
				en,
			);
			mainGroup = BAD1DB1D192D35B100DF8FCE;
			productRefGroup = BAD1DB27192D35B100DF8FCE /* Products */;
			projectDirPath = "";
			projectRoot = "";
			targets = (
				BAD1DB25192D35B100DF8FCE /* ZSTToolkitApp */,
				BAD1DB40192D35B200DF8FCE /* ZSTToolkitTests */,
				4E906F2D1CC983670058BFA5 /* ZSTToolkit */,
			);
		};
/* End PBXProject section */

/* Begin PBXResourcesBuildPhase section */
		4E906F2C1CC983670058BFA5 /* Resources */ = {
			isa = PBXResourcesBuildPhase;
			buildActionMask = 2147483647;
			files = (
			);
			runOnlyForDeploymentPostprocessing = 0;
		};
		BAD1DB24192D35B100DF8FCE /* Resources */ = {
			isa = PBXResourcesBuildPhase;
			buildActionMask = 2147483647;
			files = (
				BAAA92D5193D29A6002F09EC /* ZSTNibTestView.xib in Resources */,
				BAA9F90D192FFDF50007DB78 /* ZSTWildCardGestureTestViewController.xib in Resources */,
				BAD1DB34192D35B100DF8FCE /* InfoPlist.strings in Resources */,
				BAD1DB3C192D35B100DF8FCE /* Images.xcassets in Resources */,
			);
			runOnlyForDeploymentPostprocessing = 0;
		};
		BAD1DB3F192D35B200DF8FCE /* Resources */ = {
			isa = PBXResourcesBuildPhase;
			buildActionMask = 2147483647;
			files = (
				BAAA92D4193D2749002F09EC /* ZSTNibTestView.xib in Resources */,
				BAD1DB4D192D35B200DF8FCE /* InfoPlist.strings in Resources */,
			);
			runOnlyForDeploymentPostprocessing = 0;
		};
/* End PBXResourcesBuildPhase section */

/* Begin PBXShellScriptBuildPhase section */
		BA8463BA192E966C00622332 /* Export Coverage */ = {
			isa = PBXShellScriptBuildPhase;
			buildActionMask = 2147483647;
			files = (
			);
			inputPaths = (
			);
			name = "Export Coverage";
			outputPaths = (
			);
			runOnlyForDeploymentPostprocessing = 0;
			shellPath = /bin/sh;
			shellScript = XcodeCoverage/exportenv.sh;
		};
		C44C89699684ED728C8E3C0F /* [CP] Copy Pods Resources */ = {
			isa = PBXShellScriptBuildPhase;
			buildActionMask = 2147483647;
			files = (
			);
			inputPaths = (
			);
			name = "[CP] Copy Pods Resources";
			outputPaths = (
			);
			runOnlyForDeploymentPostprocessing = 0;
			shellPath = /bin/sh;
			shellScript = "\"${SRCROOT}/Pods/Target Support Files/Pods-ZSTToolkitTests/Pods-ZSTToolkitTests-resources.sh\"\n";
			showEnvVarsInLog = 0;
		};
		DE13E4468B25CD2818A827B1 /* [CP] Embed Pods Frameworks */ = {
			isa = PBXShellScriptBuildPhase;
			buildActionMask = 2147483647;
			files = (
			);
			inputPaths = (
			);
			name = "[CP] Embed Pods Frameworks";
			outputPaths = (
			);
			runOnlyForDeploymentPostprocessing = 0;
			shellPath = /bin/sh;
			shellScript = "\"${SRCROOT}/Pods/Target Support Files/Pods-ZSTToolkitTests/Pods-ZSTToolkitTests-frameworks.sh\"\n";
			showEnvVarsInLog = 0;
		};
		F9F9F7843CEA4CF9E7E11B7B /* [CP] Check Pods Manifest.lock */ = {
			isa = PBXShellScriptBuildPhase;
			buildActionMask = 2147483647;
			files = (
			);
			inputPaths = (
			);
			name = "[CP] Check Pods Manifest.lock";
			outputPaths = (
			);
			runOnlyForDeploymentPostprocessing = 0;
			shellPath = /bin/sh;
			shellScript = "diff \"${PODS_ROOT}/../Podfile.lock\" \"${PODS_ROOT}/Manifest.lock\" > /dev/null\nif [ $? != 0 ] ; then\n    # print error to STDERR\n    echo \"error: The sandbox is not in sync with the Podfile.lock. Run 'pod install' or update your CocoaPods installation.\" >&2\n    exit 1\nfi\n";
			showEnvVarsInLog = 0;
		};
/* End PBXShellScriptBuildPhase section */

/* Begin PBXSourcesBuildPhase section */
		4E906F291CC983670058BFA5 /* Sources */ = {
			isa = PBXSourcesBuildPhase;
			buildActionMask = 2147483647;
			files = (
				4E906FBD1CC9A2A10058BFA5 /* NSString+ZSTValidations.m in Sources */,
				4E906FC21CC9A2A10058BFA5 /* ZSTAbsoluteTimer.m in Sources */,
				4E906FBB1CC9A2A10058BFA5 /* NSMutableAttributedString+ZSTAdditions.m in Sources */,
				4E906FC31CC9A2A10058BFA5 /* ZSTWildcardGestureRecognizer.m in Sources */,
				4E906FBE1CC9A2A10058BFA5 /* UIImage+ZSTCreationAdditions.m in Sources */,
				4E906FBC1CC9A2A10058BFA5 /* NSMutableDictionary+ZSTKeyValueExtensions.m in Sources */,
				4E906FBA1CC9A2A10058BFA5 /* NSException+ZSTAbstractClassAdditions.m in Sources */,
				4E906FC01CC9A2A10058BFA5 /* UIView+ZSTFrameAdditions.m in Sources */,
				4E906FBF1CC9A2A10058BFA5 /* UINavigationController+ZSTAdditions.m in Sources */,
				4E906FB91CC9A2A10058BFA5 /* NSDictionary+ZSTKeyValueExtensions.m in Sources */,
				4E906FC11CC9A2A10058BFA5 /* UIView+ZSTNibAdditions.m in Sources */,
				4E906FB81CC9A2A10058BFA5 /* NSAttributedString+ZSTCreationAdditions.m in Sources */,
			);
			runOnlyForDeploymentPostprocessing = 0;
		};
		BAD1DB22192D35B100DF8FCE /* Sources */ = {
			isa = PBXSourcesBuildPhase;
			buildActionMask = 2147483647;
			files = (
				BAA9F90C192FFDF50007DB78 /* ZSTWildCardGestureTestViewController.m in Sources */,
				BAD1DB3A192D35B100DF8FCE /* ZSTAppDelegate.m in Sources */,
				BAD1DB36192D35B100DF8FCE /* main.m in Sources */,
			);
			runOnlyForDeploymentPostprocessing = 0;
		};
		BAD1DB3D192D35B200DF8FCE /* Sources */ = {
			isa = PBXSourcesBuildPhase;
			buildActionMask = 2147483647;
			files = (
				BAA9F906192FE1750007DB78 /* ZSTWildcardGestureRecognizerSpec.m in Sources */,
				BAA9F91F1930ED770007DB78 /* ZSTStringValidationsSpec.m in Sources */,
				BA558201192F6773003E643C /* ZSTMutableDictionaryKeyValueExtensionsSpec.m in Sources */,
				BAAAFF0B192FA7DC008145CA /* ZSTViewFrameAdditionsSpec.m in Sources */,
				BAAA92D8193D2A92002F09EC /* ZSTNibTestOtherView.m in Sources */,
				BAAA92CE193B8602002F09EC /* ZSTViewNibAdditionsSpec.m in Sources */,
				BAD1DB5E192DDA0800DF8FCE /* ZSTDictionaryKeyValueExtensionsSpec.m in Sources */,
				BAA9F92919310E690007DB78 /* ZSTAbsoluteTimerSpec.m in Sources */,
				BAA9F91A1930AB0F0007DB78 /* ZSTAttributedStringCreationAdditionsSpec.m in Sources */,
				BAA9F9241931026E0007DB78 /* ZSTNavigationControllerAdditionsSpec.m in Sources */,
				BAA9F8FE192FC61C0007DB78 /* ZSTExceptionAbstractClassAdditionsSpec.m in Sources */,
				BAAA92D2193D2736002F09EC /* ZSTNibTestView.m in Sources */,
				BAA9F92E19353A290007DB78 /* ZSTImageCreationAdditionsSpec.m in Sources */,
				BAA9F901192FCFF20007DB78 /* ZSTRGBSpec.m in Sources */,
				BAA9F9151930A33E0007DB78 /* ZSTMutableAttributedStringAdditionsSpec.m in Sources */,
			);
			runOnlyForDeploymentPostprocessing = 0;
		};
/* End PBXSourcesBuildPhase section */

/* Begin PBXTargetDependency section */
		4E906F421CC983680058BFA5 /* PBXTargetDependency */ = {
			isa = PBXTargetDependency;
			target = 4E906F2D1CC983670058BFA5 /* ZSTToolkit */;
			targetProxy = 4E906F411CC983680058BFA5 /* PBXContainerItemProxy */;
		};
		BAD1DB47192D35B200DF8FCE /* PBXTargetDependency */ = {
			isa = PBXTargetDependency;
			target = BAD1DB25192D35B100DF8FCE /* ZSTToolkitApp */;
			targetProxy = BAD1DB46192D35B200DF8FCE /* PBXContainerItemProxy */;
		};
/* End PBXTargetDependency section */

/* Begin PBXVariantGroup section */
		BAD1DB32192D35B100DF8FCE /* InfoPlist.strings */ = {
			isa = PBXVariantGroup;
			children = (
				BAD1DB33192D35B100DF8FCE /* en */,
			);
			name = InfoPlist.strings;
			sourceTree = "<group>";
		};
		BAD1DB4B192D35B200DF8FCE /* InfoPlist.strings */ = {
			isa = PBXVariantGroup;
			children = (
				BAD1DB4C192D35B200DF8FCE /* en */,
			);
			name = InfoPlist.strings;
			sourceTree = "<group>";
		};
/* End PBXVariantGroup section */

/* Begin XCBuildConfiguration section */
		4E906F461CC983680058BFA5 /* Debug */ = {
			isa = XCBuildConfiguration;
			buildSettings = {
				CLANG_ANALYZER_NONNULL = YES;
				CLANG_WARN_UNREACHABLE_CODE = YES;
				"CODE_SIGN_IDENTITY[sdk=iphoneos*]" = "";
				CURRENT_PROJECT_VERSION = 1;
				DEBUG_INFORMATION_FORMAT = dwarf;
				DEFINES_MODULE = YES;
				DYLIB_COMPATIBILITY_VERSION = 1;
				DYLIB_CURRENT_VERSION = 1;
				DYLIB_INSTALL_NAME_BASE = "@rpath";
				ENABLE_STRICT_OBJC_MSGSEND = YES;
				ENABLE_TESTABILITY = YES;
				GCC_NO_COMMON_BLOCKS = YES;
				INFOPLIST_FILE = ZSTToolkit/Info.plist;
				INSTALL_PATH = "$(LOCAL_LIBRARY_DIR)/Frameworks";
				LD_RUNPATH_SEARCH_PATHS = "$(inherited) @executable_path/Frameworks @loader_path/Frameworks";
				MTL_ENABLE_DEBUG_INFO = YES;
				PRODUCT_BUNDLE_IDENTIFIER = com.irmakcan.ZSTToolkit;
				PRODUCT_NAME = "$(TARGET_NAME)";
				SKIP_INSTALL = YES;
				VERSIONING_SYSTEM = "apple-generic";
				VERSION_INFO_PREFIX = "";
			};
			name = Debug;
		};
		4E906F471CC983680058BFA5 /* Release */ = {
			isa = XCBuildConfiguration;
			buildSettings = {
				CLANG_ANALYZER_NONNULL = YES;
				CLANG_WARN_UNREACHABLE_CODE = YES;
				"CODE_SIGN_IDENTITY[sdk=iphoneos*]" = "";
				COPY_PHASE_STRIP = NO;
				CURRENT_PROJECT_VERSION = 1;
				DEBUG_INFORMATION_FORMAT = "dwarf-with-dsym";
				DEFINES_MODULE = YES;
				DYLIB_COMPATIBILITY_VERSION = 1;
				DYLIB_CURRENT_VERSION = 1;
				DYLIB_INSTALL_NAME_BASE = "@rpath";
				ENABLE_STRICT_OBJC_MSGSEND = YES;
				GCC_NO_COMMON_BLOCKS = YES;
				INFOPLIST_FILE = ZSTToolkit/Info.plist;
				INSTALL_PATH = "$(LOCAL_LIBRARY_DIR)/Frameworks";
				LD_RUNPATH_SEARCH_PATHS = "$(inherited) @executable_path/Frameworks @loader_path/Frameworks";
				MTL_ENABLE_DEBUG_INFO = NO;
				PRODUCT_BUNDLE_IDENTIFIER = com.irmakcan.ZSTToolkit;
				PRODUCT_NAME = "$(TARGET_NAME)";
				SKIP_INSTALL = YES;
				VERSIONING_SYSTEM = "apple-generic";
				VERSION_INFO_PREFIX = "";
			};
			name = Release;
		};
		BAD1DB50192D35B200DF8FCE /* Debug */ = {
			isa = XCBuildConfiguration;
			buildSettings = {
				ALWAYS_SEARCH_USER_PATHS = NO;
				CLANG_CXX_LANGUAGE_STANDARD = "gnu++0x";
				CLANG_CXX_LIBRARY = "libc++";
				CLANG_ENABLE_MODULES = YES;
				CLANG_ENABLE_OBJC_ARC = YES;
				CLANG_WARN_BOOL_CONVERSION = YES;
				CLANG_WARN_CONSTANT_CONVERSION = YES;
				CLANG_WARN_DIRECT_OBJC_ISA_USAGE = YES_ERROR;
				CLANG_WARN_EMPTY_BODY = YES;
				CLANG_WARN_ENUM_CONVERSION = YES;
				CLANG_WARN_INFINITE_RECURSION = YES;
				CLANG_WARN_INT_CONVERSION = YES;
				CLANG_WARN_OBJC_ROOT_CLASS = YES_ERROR;
				CLANG_WARN_SUSPICIOUS_MOVE = YES;
				CLANG_WARN_UNREACHABLE_CODE = YES;
				CLANG_WARN__DUPLICATE_METHOD_MATCH = YES;
				"CODE_SIGN_IDENTITY[sdk=iphoneos*]" = "iPhone Developer";
				COPY_PHASE_STRIP = NO;
				ENABLE_STRICT_OBJC_MSGSEND = YES;
				ENABLE_TESTABILITY = YES;
				GCC_C_LANGUAGE_STANDARD = gnu99;
				GCC_DYNAMIC_NO_PIC = NO;
				GCC_GENERATE_TEST_COVERAGE_FILES = YES;
				GCC_INSTRUMENT_PROGRAM_FLOW_ARCS = YES;
				GCC_NO_COMMON_BLOCKS = YES;
				GCC_OPTIMIZATION_LEVEL = 0;
				GCC_PREPROCESSOR_DEFINITIONS = (
					"DEBUG=1",
					"$(inherited)",
				);
				GCC_SYMBOLS_PRIVATE_EXTERN = NO;
				GCC_WARN_64_TO_32_BIT_CONVERSION = YES;
				GCC_WARN_ABOUT_RETURN_TYPE = YES_ERROR;
				GCC_WARN_UNDECLARED_SELECTOR = YES;
				GCC_WARN_UNINITIALIZED_AUTOS = YES_AGGRESSIVE;
				GCC_WARN_UNUSED_FUNCTION = YES;
				GCC_WARN_UNUSED_VARIABLE = YES;
				IPHONEOS_DEPLOYMENT_TARGET = 8.0;
				ONLY_ACTIVE_ARCH = YES;
				SDKROOT = iphoneos;
				TARGETED_DEVICE_FAMILY = "1,2";
			};
			name = Debug;
		};
		BAD1DB51192D35B200DF8FCE /* Release */ = {
			isa = XCBuildConfiguration;
			buildSettings = {
				ALWAYS_SEARCH_USER_PATHS = NO;
				CLANG_CXX_LANGUAGE_STANDARD = "gnu++0x";
				CLANG_CXX_LIBRARY = "libc++";
				CLANG_ENABLE_MODULES = YES;
				CLANG_ENABLE_OBJC_ARC = YES;
				CLANG_WARN_BOOL_CONVERSION = YES;
				CLANG_WARN_CONSTANT_CONVERSION = YES;
				CLANG_WARN_DIRECT_OBJC_ISA_USAGE = YES_ERROR;
				CLANG_WARN_EMPTY_BODY = YES;
				CLANG_WARN_ENUM_CONVERSION = YES;
				CLANG_WARN_INFINITE_RECURSION = YES;
				CLANG_WARN_INT_CONVERSION = YES;
				CLANG_WARN_OBJC_ROOT_CLASS = YES_ERROR;
				CLANG_WARN_SUSPICIOUS_MOVE = YES;
				CLANG_WARN_UNREACHABLE_CODE = YES;
				CLANG_WARN__DUPLICATE_METHOD_MATCH = YES;
				"CODE_SIGN_IDENTITY[sdk=iphoneos*]" = "iPhone Developer";
				COPY_PHASE_STRIP = YES;
				ENABLE_NS_ASSERTIONS = NO;
				ENABLE_STRICT_OBJC_MSGSEND = YES;
				GCC_C_LANGUAGE_STANDARD = gnu99;
				GCC_NO_COMMON_BLOCKS = YES;
				GCC_WARN_64_TO_32_BIT_CONVERSION = YES;
				GCC_WARN_ABOUT_RETURN_TYPE = YES_ERROR;
				GCC_WARN_UNDECLARED_SELECTOR = YES;
				GCC_WARN_UNINITIALIZED_AUTOS = YES_AGGRESSIVE;
				GCC_WARN_UNUSED_FUNCTION = YES;
				GCC_WARN_UNUSED_VARIABLE = YES;
				IPHONEOS_DEPLOYMENT_TARGET = 8.0;
				SDKROOT = iphoneos;
				TARGETED_DEVICE_FAMILY = "1,2";
				VALIDATE_PRODUCT = YES;
			};
			name = Release;
		};
		BAD1DB53192D35B200DF8FCE /* Debug */ = {
			isa = XCBuildConfiguration;
			baseConfigurationReference = BA8463BD192E9E8900622332 /* Warnings.xcconfig */;
			buildSettings = {
				ASSETCATALOG_COMPILER_APPICON_NAME = AppIcon;
				ASSETCATALOG_COMPILER_LAUNCHIMAGE_NAME = LaunchImage;
				DEVELOPMENT_TEAM = "";
				GCC_PRECOMPILE_PREFIX_HEADER = YES;
				GCC_PREFIX_HEADER = "ZSTToolkitExample/ZSTToolkit-Prefix.pch";
				INFOPLIST_FILE = "$(SRCROOT)/ZSTToolkitExample/ZSTToolkit-Info.plist";
				LD_RUNPATH_SEARCH_PATHS = "$(inherited) @executable_path/Frameworks";
				PRODUCT_BUNDLE_IDENTIFIER = "com.irmakcan.${PRODUCT_NAME:rfc1034identifier}";
				PRODUCT_NAME = "$(TARGET_NAME)";
				WRAPPER_EXTENSION = app;
			};
			name = Debug;
		};
		BAD1DB54192D35B200DF8FCE /* Release */ = {
			isa = XCBuildConfiguration;
			buildSettings = {
				ASSETCATALOG_COMPILER_APPICON_NAME = AppIcon;
				ASSETCATALOG_COMPILER_LAUNCHIMAGE_NAME = LaunchImage;
				DEVELOPMENT_TEAM = "";
				GCC_PRECOMPILE_PREFIX_HEADER = YES;
				GCC_PREFIX_HEADER = "ZSTToolkitExample/ZSTToolkit-Prefix.pch";
				INFOPLIST_FILE = "$(SRCROOT)/ZSTToolkitExample/ZSTToolkit-Info.plist";
				LD_RUNPATH_SEARCH_PATHS = "$(inherited) @executable_path/Frameworks";
				PRODUCT_BUNDLE_IDENTIFIER = "com.irmakcan.${PRODUCT_NAME:rfc1034identifier}";
				PRODUCT_NAME = "$(TARGET_NAME)";
				WRAPPER_EXTENSION = app;
			};
			name = Release;
		};
		BAD1DB56192D35B200DF8FCE /* Debug */ = {
			isa = XCBuildConfiguration;
			baseConfigurationReference = E1212D90B7B4F08CD013FCF2 /* Pods-ZSTToolkitTests.debug.xcconfig */;
			buildSettings = {
				BUNDLE_LOADER = "$(TEST_HOST)";
				DEVELOPMENT_TEAM = "";
				FRAMEWORK_SEARCH_PATHS = (
					"$(inherited)",
					"$(DEVELOPER_FRAMEWORKS_DIR)",
				);
				GCC_PRECOMPILE_PREFIX_HEADER = YES;
				GCC_PREFIX_HEADER = "ZSTToolkitExample/ZSTToolkit-Prefix.pch";
				GCC_PREPROCESSOR_DEFINITIONS = (
					"DEBUG=1",
					"$(inherited)",
				);
				INFOPLIST_FILE = "ZSTToolkitTests/ZSTToolkitTests-Info.plist";
				PRODUCT_BUNDLE_IDENTIFIER = "com.irmakcan.${PRODUCT_NAME:rfc1034identifier}";
				PRODUCT_NAME = "$(TARGET_NAME)";
				TEST_HOST = "$(BUILT_PRODUCTS_DIR)/ZSTToolkitApp.app/ZSTToolkitApp";
				WRAPPER_EXTENSION = xctest;
			};
			name = Debug;
		};
		BAD1DB57192D35B200DF8FCE /* Release */ = {
			isa = XCBuildConfiguration;
			baseConfigurationReference = 0DF01A2EA9119A8E87EF82C6 /* Pods-ZSTToolkitTests.release.xcconfig */;
			buildSettings = {
				BUNDLE_LOADER = "$(TEST_HOST)";
				DEVELOPMENT_TEAM = "";
				FRAMEWORK_SEARCH_PATHS = (
					"$(inherited)",
					"$(DEVELOPER_FRAMEWORKS_DIR)",
				);
				GCC_PRECOMPILE_PREFIX_HEADER = YES;
				GCC_PREFIX_HEADER = "ZSTToolkitExample/ZSTToolkit-Prefix.pch";
				INFOPLIST_FILE = "ZSTToolkitTests/ZSTToolkitTests-Info.plist";
				PRODUCT_BUNDLE_IDENTIFIER = "com.irmakcan.${PRODUCT_NAME:rfc1034identifier}";
				PRODUCT_NAME = "$(TARGET_NAME)";
				TEST_HOST = "$(BUILT_PRODUCTS_DIR)/ZSTToolkitApp.app/ZSTToolkitApp";
				WRAPPER_EXTENSION = xctest;
			};
			name = Release;
		};
/* End XCBuildConfiguration section */

/* Begin XCConfigurationList section */
		4E906F451CC983680058BFA5 /* Build configuration list for PBXNativeTarget "ZSTToolkit" */ = {
			isa = XCConfigurationList;
			buildConfigurations = (
				4E906F461CC983680058BFA5 /* Debug */,
				4E906F471CC983680058BFA5 /* Release */,
			);
			defaultConfigurationIsVisible = 0;
			defaultConfigurationName = Release;
		};
		BAD1DB21192D35B100DF8FCE /* Build configuration list for PBXProject "ZSTToolkit" */ = {
			isa = XCConfigurationList;
			buildConfigurations = (
				BAD1DB50192D35B200DF8FCE /* Debug */,
				BAD1DB51192D35B200DF8FCE /* Release */,
			);
			defaultConfigurationIsVisible = 0;
			defaultConfigurationName = Release;
		};
		BAD1DB52192D35B200DF8FCE /* Build configuration list for PBXNativeTarget "ZSTToolkitApp" */ = {
			isa = XCConfigurationList;
			buildConfigurations = (
				BAD1DB53192D35B200DF8FCE /* Debug */,
				BAD1DB54192D35B200DF8FCE /* Release */,
			);
			defaultConfigurationIsVisible = 0;
			defaultConfigurationName = Release;
		};
		BAD1DB55192D35B200DF8FCE /* Build configuration list for PBXNativeTarget "ZSTToolkitTests" */ = {
			isa = XCConfigurationList;
			buildConfigurations = (
				BAD1DB56192D35B200DF8FCE /* Debug */,
				BAD1DB57192D35B200DF8FCE /* Release */,
			);
			defaultConfigurationIsVisible = 0;
			defaultConfigurationName = Release;
		};
/* End XCConfigurationList section */
	};
	rootObject = BAD1DB1E192D35B100DF8FCE /* Project object */;
}
